
Microsoft Visual Studio Solution File, Format Version 12.00
# Visual Studio Version 17
VisualStudioVersion = 17.6.33815.320
MinimumVisualStudioVersion = 10.0.40219.1
Project("{9A19103F-16F7-4668-BE54-9A1E7A4F7556}") = "Issue1083", "Issue1083.csproj", "{73BDF939-265D-4372-B7DD-239D1887DFB9}"
EndProject
Global
	GlobalSection(SolutionConfigurationPlatforms) = preSolution
		Debug|Any CPU = Debug|Any CPU
		Release|Any CPU = Release|Any CPU
	EndGlobalSection
	GlobalSection(ProjectConfigurationPlatforms) = postSolution
		{73BDF939-265D-4372-B7DD-239D1887DFB9}.Debug|Any CPU.ActiveCfg = Debug|Any CPU
		{73BDF939-265D-4372-B7DD-239D1887DFB9}.Debug|Any CPU.Build.0 = Debug|Any CPU
		{73BDF939-265D-4372-B7DD-239D1887DFB9}.Release|Any CPU.ActiveCfg = Release|Any CPU
		{73BDF939-265D-4372-B7DD-239D1887DFB9}.Release|Any CPU.Build.0 = Release|Any CPU
	EndGlobalSection
	GlobalSection(SolutionProperties) = preSolution
		HideSolutionNode = FALSE
	EndGlobalSection
	GlobalSection(ExtensibilityGlobals) = postSolution
		SolutionGuid = {699BB14C-ABD8-4553-B38C-4E9DA30DE503}
	EndGlobalSection
EndGlobal
