
Microsoft Visual Studio Solution File, Format Version 12.00
# Visual Studio Version 17
VisualStudioVersion = 17.5.002.0
MinimumVisualStudioVersion = 10.0.40219.1
Project("{9A19103F-16F7-4668-BE54-9A1E7A4F7556}") = "nunit-runner-dotnet-test", "nunit-runner-dotnet-test.csproj", "{D682E13F-2212-440A-9A24-D9C39C93E624}"
EndProject
Global
	GlobalSection(SolutionConfigurationPlatforms) = preSolution
		Debug|Any CPU = Debug|Any CPU
		Release|Any CPU = Release|Any CPU
	EndGlobalSection
	GlobalSection(ProjectConfigurationPlatforms) = postSolution
		{D682E13F-2212-440A-9A24-D9C39C93E624}.Debug|Any CPU.ActiveCfg = Debug|Any CPU
		{D682E13F-2212-440A-9A24-D9C39C93E624}.Debug|Any CPU.Build.0 = Debug|Any CPU
		{D682E13F-2212-440A-9A24-D9C39C93E624}.Release|Any CPU.ActiveCfg = Release|Any CPU
		{D682E13F-2212-440A-9A24-D9C39C93E624}.Release|Any CPU.Build.0 = Release|Any CPU
	EndGlobalSection
	GlobalSection(SolutionProperties) = preSolution
		HideSolutionNode = FALSE
	EndGlobalSection
	GlobalSection(ExtensibilityGlobals) = postSolution
		SolutionGuid = {CCFA611C-0F2A-4A47-9C4B-175E622B0F30}
	EndGlobalSection
EndGlobal
