
Microsoft Visual Studio Solution File, Format Version 12.00
# Visual Studio Version 16
VisualStudioVersion = 16.0.30413.136
MinimumVisualStudioVersion = 10.0.40219.1
Project("{9A19103F-16F7-4668-BE54-9A1E7A4F7556}") = "Issue774", "Issue774.csproj", "{5FC02329-1C4B-4F86-8604-85F567EEEA33}"
EndProject
Global
	GlobalSection(SolutionConfigurationPlatforms) = preSolution
		Debug|Any CPU = Debug|Any CPU
		Release|Any CPU = Release|Any CPU
	EndGlobalSection
	GlobalSection(ProjectConfigurationPlatforms) = postSolution
		{5FC02329-1C4B-4F86-8604-85F567EEEA33}.Debug|Any CPU.ActiveCfg = Debug|Any CPU
		{5FC02329-1C4B-4F86-8604-85F567EEEA33}.Debug|Any CPU.Build.0 = Debug|Any CPU
		{5FC02329-1C4B-4F86-8604-85F567EEEA33}.Release|Any CPU.ActiveCfg = Release|Any CPU
		{5FC02329-1C4B-4F86-8604-85F567EEEA33}.Release|Any CPU.Build.0 = Release|Any CPU
	EndGlobalSection
	GlobalSection(SolutionProperties) = preSolution
		HideSolutionNode = FALSE
	EndGlobalSection
	GlobalSection(ExtensibilityGlobals) = postSolution
		SolutionGuid = {98B33D74-1375-4241-82F3-D7E002FE9E2D}
	EndGlobalSection
EndGlobal
