
Microsoft Visual Studio Solution File, Format Version 12.00
# Visual Studio Version 16
VisualStudioVersion = 16.0.31321.278
MinimumVisualStudioVersion = 10.0.40219.1
Project("{9A19103F-16F7-4668-BE54-9A1E7A4F7556}") = "Issue867", "Issue867.csproj", "{3F2F7340-CFDF-4476-BB93-01B7512897DA}"
EndProject
Global
	GlobalSection(SolutionConfigurationPlatforms) = preSolution
		Debug|Any CPU = Debug|Any CPU
		Release|Any CPU = Release|Any CPU
	EndGlobalSection
	GlobalSection(ProjectConfigurationPlatforms) = postSolution
		{3F2F7340-CFDF-4476-BB93-01B7512897DA}.Debug|Any CPU.ActiveCfg = Debug|Any CPU
		{3F2F7340-CFDF-4476-BB93-01B7512897DA}.Debug|Any CPU.Build.0 = Debug|Any CPU
		{3F2F7340-CFDF-4476-BB93-01B7512897DA}.Release|Any CPU.ActiveCfg = Release|Any CPU
		{3F2F7340-CFDF-4476-BB93-01B7512897DA}.Release|Any CPU.Build.0 = Release|Any CPU
	EndGlobalSection
	GlobalSection(SolutionProperties) = preSolution
		HideSolutionNode = FALSE
	EndGlobalSection
	GlobalSection(ExtensibilityGlobals) = postSolution
		SolutionGuid = {2E33304C-CE77-46D2-9FB0-DB741BE71B54}
	EndGlobalSection
EndGlobal
