
Microsoft Visual Studio Solution File, Format Version 12.00
# Visual Studio Version 16
VisualStudioVersion = 16.0.31129.286
MinimumVisualStudioVersion = 10.0.40219.1
Project("{9A19103F-16F7-4668-BE54-9A1E7A4F7556}") = "Issue846", "Issue846.csproj", "{A62041B0-F752-4F7C-8D69-351C9AC0D42C}"
EndProject
Global
	GlobalSection(SolutionConfigurationPlatforms) = preSolution
		Debug|Any CPU = Debug|Any CPU
		Release|Any CPU = Release|Any CPU
	EndGlobalSection
	GlobalSection(ProjectConfigurationPlatforms) = postSolution
		{A62041B0-F752-4F7C-8D69-351C9AC0D42C}.Debug|Any CPU.ActiveCfg = Debug|Any CPU
		{A62041B0-F752-4F7C-8D69-351C9AC0D42C}.Debug|Any CPU.Build.0 = Debug|Any CPU
		{A62041B0-F752-4F7C-8D69-351C9AC0D42C}.Release|Any CPU.ActiveCfg = Release|Any CPU
		{A62041B0-F752-4F7C-8D69-351C9AC0D42C}.Release|Any CPU.Build.0 = Release|Any CPU
	EndGlobalSection
	GlobalSection(SolutionProperties) = preSolution
		HideSolutionNode = FALSE
	EndGlobalSection
	GlobalSection(ExtensibilityGlobals) = postSolution
		SolutionGuid = {2F84EB13-FD64-42C0-B6FB-0718FE71EA44}
	EndGlobalSection
EndGlobal
