
Microsoft Visual Studio Solution File, Format Version 12.00
# Visual Studio Version 17
VisualStudioVersion = 17.8.34322.80
MinimumVisualStudioVersion = 10.0.40219.1
Project("{9A19103F-16F7-4668-BE54-9A1E7A4F7556}") = "TestFW", "TestFW\TestFW.csproj", "{626F571D-1597-49BD-A6A0-1867315D745E}"
EndProject
Project("{FAE04EC0-301F-11D3-BF4B-00C04F79EFBC}") = "ClassLibFW45", "ClassLibFW45\ClassLibFW45.csproj", "{980A3E71-4F7D-4C60-9655-9128CAD221E5}"
EndProject
Project("{FAE04EC0-301F-11D3-BF4B-00C04F79EFBC}") = "ClassLibNetC21", "ClassLibNetC21\ClassLibNetC21.csproj", "{0093A433-A66A-40B7-A284-B7BFA68D4653}"
EndProject
Project("{FAE04EC0-301F-11D3-BF4B-00C04F79EFBC}") = "TestNC31", "TestNC31\TestNC31.csproj", "{E211A975-0F43-49DE-8A39-263D140F21E1}"
EndProject
Global
	GlobalSection(SolutionConfigurationPlatforms) = preSolution
		Debug|Any CPU = Debug|Any CPU
		Release|Any CPU = Release|Any CPU
	EndGlobalSection
	GlobalSection(ProjectConfigurationPlatforms) = postSolution
		{626F571D-1597-49BD-A6A0-1867315D745E}.Debug|Any CPU.ActiveCfg = Debug|Any CPU
		{626F571D-1597-49BD-A6A0-1867315D745E}.Debug|Any CPU.Build.0 = Debug|Any CPU
		{626F571D-1597-49BD-A6A0-1867315D745E}.Release|Any CPU.ActiveCfg = Release|Any CPU
		{626F571D-1597-49BD-A6A0-1867315D745E}.Release|Any CPU.Build.0 = Release|Any CPU
		{980A3E71-4F7D-4C60-9655-9128CAD221E5}.Debug|Any CPU.ActiveCfg = Debug|Any CPU
		{980A3E71-4F7D-4C60-9655-9128CAD221E5}.Debug|Any CPU.Build.0 = Debug|Any CPU
		{980A3E71-4F7D-4C60-9655-9128CAD221E5}.Release|Any CPU.ActiveCfg = Release|Any CPU
		{980A3E71-4F7D-4C60-9655-9128CAD221E5}.Release|Any CPU.Build.0 = Release|Any CPU
		{0093A433-A66A-40B7-A284-B7BFA68D4653}.Debug|Any CPU.ActiveCfg = Debug|Any CPU
		{0093A433-A66A-40B7-A284-B7BFA68D4653}.Debug|Any CPU.Build.0 = Debug|Any CPU
		{0093A433-A66A-40B7-A284-B7BFA68D4653}.Release|Any CPU.ActiveCfg = Release|Any CPU
		{0093A433-A66A-40B7-A284-B7BFA68D4653}.Release|Any CPU.Build.0 = Release|Any CPU
		{E211A975-0F43-49DE-8A39-263D140F21E1}.Debug|Any CPU.ActiveCfg = Debug|Any CPU
		{E211A975-0F43-49DE-8A39-263D140F21E1}.Debug|Any CPU.Build.0 = Debug|Any CPU
		{E211A975-0F43-49DE-8A39-263D140F21E1}.Release|Any CPU.ActiveCfg = Release|Any CPU
		{E211A975-0F43-49DE-8A39-263D140F21E1}.Release|Any CPU.Build.0 = Release|Any CPU
	EndGlobalSection
	GlobalSection(SolutionProperties) = preSolution
		HideSolutionNode = FALSE
	EndGlobalSection
	GlobalSection(ExtensibilityGlobals) = postSolution
		SolutionGuid = {675B677E-5C01-4B58-9FFF-556E1D2961B4}
	EndGlobalSection
EndGlobal
