
Microsoft Visual Studio Solution File, Format Version 12.00
# Visual Studio Version 17
VisualStudioVersion = 17.13.36105.23
MinimumVisualStudioVersion = 10.0.40219.1
Project("{FAE04EC0-301F-11D3-BF4B-00C04F79EFBC}") = "Issue1290", "Issue1290.csproj", "{5498E15C-5696-5328-76E4-DFE85C71C36E}"
EndProject
Project("{2150E333-8FDC-42A3-9474-1A3956D46DE8}") = "Solution Items", "Solution Items", "{8EC462FD-D22E-90A8-E5CE-7E832BA40C5D}"
	ProjectSection(SolutionItems) = preProject
		.runsettings = .runsettings
	EndProjectSection
EndProject
Global
	GlobalSection(SolutionConfigurationPlatforms) = preSolution
		Debug|Any CPU = Debug|Any CPU
		Release|Any CPU = Release|Any CPU
	EndGlobalSection
	GlobalSection(ProjectConfigurationPlatforms) = postSolution
		{5498E15C-5696-5328-76E4-DFE85C71C36E}.Debug|Any CPU.ActiveCfg = Debug|Any CPU
		{5498E15C-5696-5328-76E4-DFE85C71C36E}.Debug|Any CPU.Build.0 = Debug|Any CPU
		{5498E15C-5696-5328-76E4-DFE85C71C36E}.Release|Any CPU.ActiveCfg = Release|Any CPU
		{5498E15C-5696-5328-76E4-DFE85C71C36E}.Release|Any CPU.Build.0 = Release|Any CPU
	EndGlobalSection
	GlobalSection(SolutionProperties) = preSolution
		HideSolutionNode = FALSE
	EndGlobalSection
	GlobalSection(ExtensibilityGlobals) = postSolution
		SolutionGuid = {09C5EA20-4BEB-469C-BAB0-924FA391B681}
	EndGlobalSection
EndGlobal
