
Microsoft Visual Studio Solution File, Format Version 12.00
# Visual Studio Version 16
VisualStudioVersion = 16.6.30114.105
MinimumVisualStudioVersion = 10.0.40219.1
Project("{FAE04EC0-301F-11D3-BF4B-00C04F79EFBC}") = "Issue261", "Issue261\Issue261.csproj", "{0C157376-5F4A-4E45-BF48-8696B51027D8}"
EndProject
Project("{9A19103F-16F7-4668-BE54-9A1E7A4F7556}") = "Issue343_NUnitTests", "Issue343\TestConsoleTests\NUnitTests\Issue343_NUnitTests.csproj", "{3FE92234-2A4B-4D48-AD60-77B947F9FB98}"
EndProject
Project("{9A19103F-16F7-4668-BE54-9A1E7A4F7556}") = "Issue343B_NUnitTests", "Issue343B\TestConsoleTests\NUnitTests\Issue343B_NUnitTests.csproj", "{B4AF0606-844A-48A9-8C30-68709B23CC2B}"
EndProject
Project("{9A19103F-16F7-4668-BE54-9A1E7A4F7556}") = "Issue484", "Issue484\Issue484\Issue484.csproj", "{705C1D5D-4707-4A6B-B574-CBF711EBD8FB}"
EndProject
Project("{9A19103F-16F7-4668-BE54-9A1E7A4F7556}") = "Issue497_Filtering", "Issue497\Issue497_Filtering.csproj", "{69199E99-35D3-4051-A49B-772BEA6B3294}"
EndProject
Project("{9A19103F-16F7-4668-BE54-9A1E7A4F7556}") = "Issue530", "Issue530\Issue530.csproj", "{712420D8-CC6D-4589-9B58-5CE3FEDD7907}"
EndProject
Project("{2150E333-8FDC-42A3-9474-1A3956D46DE8}") = "Issue535", "Issue535", "{AE78ADC7-9280-4DE6-91AE-07981E19F9AF}"
EndProject
Project("{9A19103F-16F7-4668-BE54-9A1E7A4F7556}") = "Project", "Issue535\Repro_535_2\Project\Project.csproj", "{59C4FD49-064A-4835-B886-F46FDE03C06C}"
EndProject
Project("{9A19103F-16F7-4668-BE54-9A1E7A4F7556}") = "Issue535_Tests", "Issue535\Repro_535_2\Tests\Issue535_Tests.csproj", "{689D1C45-8C4E-478C-B157-D110A72A4CA6}"
EndProject
Project("{FAE04EC0-301F-11D3-BF4B-00C04F79EFBC}") = "Issue545", "Issue545\Issue545\Issue545.csproj", "{234EF5ED-8105-4324-AE7E-E167756F0489}"
EndProject
Project("{9A19103F-16F7-4668-BE54-9A1E7A4F7556}") = "Issue618", "Issue618\Issue618.csproj", "{DFF19B34-BD69-418D-A054-AD86F3AA0340}"
EndProject
Project("{9A19103F-16F7-4668-BE54-9A1E7A4F7556}") = "Issue854", "Issue854\Issue854.csproj", "{C6F5119B-E9C9-46EF-9897-83B3A5FFDE88}"
EndProject
Project("{2150E333-8FDC-42A3-9474-1A3956D46DE8}") = "Solution Items", "Solution Items", "{2EACF554-C809-408C-AFED-F3943D69225D}"
	ProjectSection(SolutionItems) = preProject
		.runsettings = .runsettings
	EndProjectSection
EndProject
Global
	GlobalSection(SolutionConfigurationPlatforms) = preSolution
		Debug|Any CPU = Debug|Any CPU
		Debug|x64 = Debug|x64
		Debug|x86 = Debug|x86
		Release|Any CPU = Release|Any CPU
		Release|x64 = Release|x64
		Release|x86 = Release|x86
	EndGlobalSection
	GlobalSection(ProjectConfigurationPlatforms) = postSolution
		{0C157376-5F4A-4E45-BF48-8696B51027D8}.Debug|Any CPU.ActiveCfg = Debug|Any CPU
		{0C157376-5F4A-4E45-BF48-8696B51027D8}.Debug|Any CPU.Build.0 = Debug|Any CPU
		{0C157376-5F4A-4E45-BF48-8696B51027D8}.Debug|x64.ActiveCfg = Debug|Any CPU
		{0C157376-5F4A-4E45-BF48-8696B51027D8}.Debug|x64.Build.0 = Debug|Any CPU
		{0C157376-5F4A-4E45-BF48-8696B51027D8}.Debug|x86.ActiveCfg = Debug|Any CPU
		{0C157376-5F4A-4E45-BF48-8696B51027D8}.Debug|x86.Build.0 = Debug|Any CPU
		{0C157376-5F4A-4E45-BF48-8696B51027D8}.Release|Any CPU.ActiveCfg = Release|Any CPU
		{0C157376-5F4A-4E45-BF48-8696B51027D8}.Release|Any CPU.Build.0 = Release|Any CPU
		{0C157376-5F4A-4E45-BF48-8696B51027D8}.Release|x64.ActiveCfg = Release|Any CPU
		{0C157376-5F4A-4E45-BF48-8696B51027D8}.Release|x64.Build.0 = Release|Any CPU
		{0C157376-5F4A-4E45-BF48-8696B51027D8}.Release|x86.ActiveCfg = Release|Any CPU
		{0C157376-5F4A-4E45-BF48-8696B51027D8}.Release|x86.Build.0 = Release|Any CPU
		{3FE92234-2A4B-4D48-AD60-77B947F9FB98}.Debug|Any CPU.ActiveCfg = Debug|Any CPU
		{3FE92234-2A4B-4D48-AD60-77B947F9FB98}.Debug|Any CPU.Build.0 = Debug|Any CPU
		{3FE92234-2A4B-4D48-AD60-77B947F9FB98}.Debug|x64.ActiveCfg = Debug|Any CPU
		{3FE92234-2A4B-4D48-AD60-77B947F9FB98}.Debug|x64.Build.0 = Debug|Any CPU
		{3FE92234-2A4B-4D48-AD60-77B947F9FB98}.Debug|x86.ActiveCfg = Debug|Any CPU
		{3FE92234-2A4B-4D48-AD60-77B947F9FB98}.Debug|x86.Build.0 = Debug|Any CPU
		{3FE92234-2A4B-4D48-AD60-77B947F9FB98}.Release|Any CPU.ActiveCfg = Release|Any CPU
		{3FE92234-2A4B-4D48-AD60-77B947F9FB98}.Release|Any CPU.Build.0 = Release|Any CPU
		{3FE92234-2A4B-4D48-AD60-77B947F9FB98}.Release|x64.ActiveCfg = Release|Any CPU
		{3FE92234-2A4B-4D48-AD60-77B947F9FB98}.Release|x64.Build.0 = Release|Any CPU
		{3FE92234-2A4B-4D48-AD60-77B947F9FB98}.Release|x86.ActiveCfg = Release|Any CPU
		{3FE92234-2A4B-4D48-AD60-77B947F9FB98}.Release|x86.Build.0 = Release|Any CPU
		{B4AF0606-844A-48A9-8C30-68709B23CC2B}.Debug|Any CPU.ActiveCfg = Debug|Any CPU
		{B4AF0606-844A-48A9-8C30-68709B23CC2B}.Debug|Any CPU.Build.0 = Debug|Any CPU
		{B4AF0606-844A-48A9-8C30-68709B23CC2B}.Debug|x64.ActiveCfg = Debug|Any CPU
		{B4AF0606-844A-48A9-8C30-68709B23CC2B}.Debug|x64.Build.0 = Debug|Any CPU
		{B4AF0606-844A-48A9-8C30-68709B23CC2B}.Debug|x86.ActiveCfg = Debug|Any CPU
		{B4AF0606-844A-48A9-8C30-68709B23CC2B}.Debug|x86.Build.0 = Debug|Any CPU
		{B4AF0606-844A-48A9-8C30-68709B23CC2B}.Release|Any CPU.ActiveCfg = Release|Any CPU
		{B4AF0606-844A-48A9-8C30-68709B23CC2B}.Release|Any CPU.Build.0 = Release|Any CPU
		{B4AF0606-844A-48A9-8C30-68709B23CC2B}.Release|x64.ActiveCfg = Release|Any CPU
		{B4AF0606-844A-48A9-8C30-68709B23CC2B}.Release|x64.Build.0 = Release|Any CPU
		{B4AF0606-844A-48A9-8C30-68709B23CC2B}.Release|x86.ActiveCfg = Release|Any CPU
		{B4AF0606-844A-48A9-8C30-68709B23CC2B}.Release|x86.Build.0 = Release|Any CPU
		{705C1D5D-4707-4A6B-B574-CBF711EBD8FB}.Debug|Any CPU.ActiveCfg = Debug|Any CPU
		{705C1D5D-4707-4A6B-B574-CBF711EBD8FB}.Debug|Any CPU.Build.0 = Debug|Any CPU
		{705C1D5D-4707-4A6B-B574-CBF711EBD8FB}.Debug|x64.ActiveCfg = Debug|Any CPU
		{705C1D5D-4707-4A6B-B574-CBF711EBD8FB}.Debug|x64.Build.0 = Debug|Any CPU
		{705C1D5D-4707-4A6B-B574-CBF711EBD8FB}.Debug|x86.ActiveCfg = Debug|Any CPU
		{705C1D5D-4707-4A6B-B574-CBF711EBD8FB}.Debug|x86.Build.0 = Debug|Any CPU
		{705C1D5D-4707-4A6B-B574-CBF711EBD8FB}.Release|Any CPU.ActiveCfg = Release|Any CPU
		{705C1D5D-4707-4A6B-B574-CBF711EBD8FB}.Release|Any CPU.Build.0 = Release|Any CPU
		{705C1D5D-4707-4A6B-B574-CBF711EBD8FB}.Release|x64.ActiveCfg = Release|Any CPU
		{705C1D5D-4707-4A6B-B574-CBF711EBD8FB}.Release|x64.Build.0 = Release|Any CPU
		{705C1D5D-4707-4A6B-B574-CBF711EBD8FB}.Release|x86.ActiveCfg = Release|Any CPU
		{705C1D5D-4707-4A6B-B574-CBF711EBD8FB}.Release|x86.Build.0 = Release|Any CPU
		{69199E99-35D3-4051-A49B-772BEA6B3294}.Debug|Any CPU.ActiveCfg = Debug|Any CPU
		{69199E99-35D3-4051-A49B-772BEA6B3294}.Debug|Any CPU.Build.0 = Debug|Any CPU
		{69199E99-35D3-4051-A49B-772BEA6B3294}.Debug|x64.ActiveCfg = Debug|Any CPU
		{69199E99-35D3-4051-A49B-772BEA6B3294}.Debug|x64.Build.0 = Debug|Any CPU
		{69199E99-35D3-4051-A49B-772BEA6B3294}.Debug|x86.ActiveCfg = Debug|Any CPU
		{69199E99-35D3-4051-A49B-772BEA6B3294}.Debug|x86.Build.0 = Debug|Any CPU
		{69199E99-35D3-4051-A49B-772BEA6B3294}.Release|Any CPU.ActiveCfg = Release|Any CPU
		{69199E99-35D3-4051-A49B-772BEA6B3294}.Release|Any CPU.Build.0 = Release|Any CPU
		{69199E99-35D3-4051-A49B-772BEA6B3294}.Release|x64.ActiveCfg = Release|Any CPU
		{69199E99-35D3-4051-A49B-772BEA6B3294}.Release|x64.Build.0 = Release|Any CPU
		{69199E99-35D3-4051-A49B-772BEA6B3294}.Release|x86.ActiveCfg = Release|Any CPU
		{69199E99-35D3-4051-A49B-772BEA6B3294}.Release|x86.Build.0 = Release|Any CPU
		{712420D8-CC6D-4589-9B58-5CE3FEDD7907}.Debug|Any CPU.ActiveCfg = Debug|Any CPU
		{712420D8-CC6D-4589-9B58-5CE3FEDD7907}.Debug|Any CPU.Build.0 = Debug|Any CPU
		{712420D8-CC6D-4589-9B58-5CE3FEDD7907}.Debug|x64.ActiveCfg = Debug|Any CPU
		{712420D8-CC6D-4589-9B58-5CE3FEDD7907}.Debug|x64.Build.0 = Debug|Any CPU
		{712420D8-CC6D-4589-9B58-5CE3FEDD7907}.Debug|x86.ActiveCfg = Debug|Any CPU
		{712420D8-CC6D-4589-9B58-5CE3FEDD7907}.Debug|x86.Build.0 = Debug|Any CPU
		{712420D8-CC6D-4589-9B58-5CE3FEDD7907}.Release|Any CPU.ActiveCfg = Release|Any CPU
		{712420D8-CC6D-4589-9B58-5CE3FEDD7907}.Release|Any CPU.Build.0 = Release|Any CPU
		{712420D8-CC6D-4589-9B58-5CE3FEDD7907}.Release|x64.ActiveCfg = Release|Any CPU
		{712420D8-CC6D-4589-9B58-5CE3FEDD7907}.Release|x64.Build.0 = Release|Any CPU
		{712420D8-CC6D-4589-9B58-5CE3FEDD7907}.Release|x86.ActiveCfg = Release|Any CPU
		{712420D8-CC6D-4589-9B58-5CE3FEDD7907}.Release|x86.Build.0 = Release|Any CPU
		{59C4FD49-064A-4835-B886-F46FDE03C06C}.Debug|Any CPU.ActiveCfg = Debug|Any CPU
		{59C4FD49-064A-4835-B886-F46FDE03C06C}.Debug|Any CPU.Build.0 = Debug|Any CPU
		{59C4FD49-064A-4835-B886-F46FDE03C06C}.Debug|x64.ActiveCfg = Debug|Any CPU
		{59C4FD49-064A-4835-B886-F46FDE03C06C}.Debug|x64.Build.0 = Debug|Any CPU
		{59C4FD49-064A-4835-B886-F46FDE03C06C}.Debug|x86.ActiveCfg = Debug|Any CPU
		{59C4FD49-064A-4835-B886-F46FDE03C06C}.Debug|x86.Build.0 = Debug|Any CPU
		{59C4FD49-064A-4835-B886-F46FDE03C06C}.Release|Any CPU.ActiveCfg = Release|Any CPU
		{59C4FD49-064A-4835-B886-F46FDE03C06C}.Release|Any CPU.Build.0 = Release|Any CPU
		{59C4FD49-064A-4835-B886-F46FDE03C06C}.Release|x64.ActiveCfg = Release|Any CPU
		{59C4FD49-064A-4835-B886-F46FDE03C06C}.Release|x64.Build.0 = Release|Any CPU
		{59C4FD49-064A-4835-B886-F46FDE03C06C}.Release|x86.ActiveCfg = Release|Any CPU
		{59C4FD49-064A-4835-B886-F46FDE03C06C}.Release|x86.Build.0 = Release|Any CPU
		{689D1C45-8C4E-478C-B157-D110A72A4CA6}.Debug|Any CPU.ActiveCfg = Debug|Any CPU
		{689D1C45-8C4E-478C-B157-D110A72A4CA6}.Debug|Any CPU.Build.0 = Debug|Any CPU
		{689D1C45-8C4E-478C-B157-D110A72A4CA6}.Debug|x64.ActiveCfg = Debug|Any CPU
		{689D1C45-8C4E-478C-B157-D110A72A4CA6}.Debug|x64.Build.0 = Debug|Any CPU
		{689D1C45-8C4E-478C-B157-D110A72A4CA6}.Debug|x86.ActiveCfg = Debug|Any CPU
		{689D1C45-8C4E-478C-B157-D110A72A4CA6}.Debug|x86.Build.0 = Debug|Any CPU
		{689D1C45-8C4E-478C-B157-D110A72A4CA6}.Release|Any CPU.ActiveCfg = Release|Any CPU
		{689D1C45-8C4E-478C-B157-D110A72A4CA6}.Release|Any CPU.Build.0 = Release|Any CPU
		{689D1C45-8C4E-478C-B157-D110A72A4CA6}.Release|x64.ActiveCfg = Release|Any CPU
		{689D1C45-8C4E-478C-B157-D110A72A4CA6}.Release|x64.Build.0 = Release|Any CPU
		{689D1C45-8C4E-478C-B157-D110A72A4CA6}.Release|x86.ActiveCfg = Release|Any CPU
		{689D1C45-8C4E-478C-B157-D110A72A4CA6}.Release|x86.Build.0 = Release|Any CPU
		{234EF5ED-8105-4324-AE7E-E167756F0489}.Debug|Any CPU.ActiveCfg = Debug|Any CPU
		{234EF5ED-8105-4324-AE7E-E167756F0489}.Debug|Any CPU.Build.0 = Debug|Any CPU
		{234EF5ED-8105-4324-AE7E-E167756F0489}.Debug|x64.ActiveCfg = Debug|Any CPU
		{234EF5ED-8105-4324-AE7E-E167756F0489}.Debug|x64.Build.0 = Debug|Any CPU
		{234EF5ED-8105-4324-AE7E-E167756F0489}.Debug|x86.ActiveCfg = Debug|Any CPU
		{234EF5ED-8105-4324-AE7E-E167756F0489}.Debug|x86.Build.0 = Debug|Any CPU
		{234EF5ED-8105-4324-AE7E-E167756F0489}.Release|Any CPU.ActiveCfg = Release|Any CPU
		{234EF5ED-8105-4324-AE7E-E167756F0489}.Release|Any CPU.Build.0 = Release|Any CPU
		{234EF5ED-8105-4324-AE7E-E167756F0489}.Release|x64.ActiveCfg = Release|Any CPU
		{234EF5ED-8105-4324-AE7E-E167756F0489}.Release|x64.Build.0 = Release|Any CPU
		{234EF5ED-8105-4324-AE7E-E167756F0489}.Release|x86.ActiveCfg = Release|Any CPU
		{234EF5ED-8105-4324-AE7E-E167756F0489}.Release|x86.Build.0 = Release|Any CPU
		{DFF19B34-BD69-418D-A054-AD86F3AA0340}.Debug|Any CPU.ActiveCfg = Debug|Any CPU
		{DFF19B34-BD69-418D-A054-AD86F3AA0340}.Debug|Any CPU.Build.0 = Debug|Any CPU
		{DFF19B34-BD69-418D-A054-AD86F3AA0340}.Debug|x64.ActiveCfg = Debug|Any CPU
		{DFF19B34-BD69-418D-A054-AD86F3AA0340}.Debug|x64.Build.0 = Debug|Any CPU
		{DFF19B34-BD69-418D-A054-AD86F3AA0340}.Debug|x86.ActiveCfg = Debug|Any CPU
		{DFF19B34-BD69-418D-A054-AD86F3AA0340}.Debug|x86.Build.0 = Debug|Any CPU
		{DFF19B34-BD69-418D-A054-AD86F3AA0340}.Release|Any CPU.ActiveCfg = Release|Any CPU
		{DFF19B34-BD69-418D-A054-AD86F3AA0340}.Release|Any CPU.Build.0 = Release|Any CPU
		{DFF19B34-BD69-418D-A054-AD86F3AA0340}.Release|x64.ActiveCfg = Release|Any CPU
		{DFF19B34-BD69-418D-A054-AD86F3AA0340}.Release|x64.Build.0 = Release|Any CPU
		{DFF19B34-BD69-418D-A054-AD86F3AA0340}.Release|x86.ActiveCfg = Release|Any CPU
		{DFF19B34-BD69-418D-A054-AD86F3AA0340}.Release|x86.Build.0 = Release|Any CPU
		{C6F5119B-E9C9-46EF-9897-83B3A5FFDE88}.Debug|Any CPU.ActiveCfg = Debug|Any CPU
		{C6F5119B-E9C9-46EF-9897-83B3A5FFDE88}.Debug|Any CPU.Build.0 = Debug|Any CPU
		{C6F5119B-E9C9-46EF-9897-83B3A5FFDE88}.Debug|x64.ActiveCfg = Debug|Any CPU
		{C6F5119B-E9C9-46EF-9897-83B3A5FFDE88}.Debug|x64.Build.0 = Debug|Any CPU
		{C6F5119B-E9C9-46EF-9897-83B3A5FFDE88}.Debug|x86.ActiveCfg = Debug|Any CPU
		{C6F5119B-E9C9-46EF-9897-83B3A5FFDE88}.Debug|x86.Build.0 = Debug|Any CPU
		{C6F5119B-E9C9-46EF-9897-83B3A5FFDE88}.Release|Any CPU.ActiveCfg = Release|Any CPU
		{C6F5119B-E9C9-46EF-9897-83B3A5FFDE88}.Release|Any CPU.Build.0 = Release|Any CPU
		{C6F5119B-E9C9-46EF-9897-83B3A5FFDE88}.Release|x64.ActiveCfg = Release|Any CPU
		{C6F5119B-E9C9-46EF-9897-83B3A5FFDE88}.Release|x64.Build.0 = Release|Any CPU
		{C6F5119B-E9C9-46EF-9897-83B3A5FFDE88}.Release|x86.ActiveCfg = Release|Any CPU
		{C6F5119B-E9C9-46EF-9897-83B3A5FFDE88}.Release|x86.Build.0 = Release|Any CPU
	EndGlobalSection
	GlobalSection(SolutionProperties) = preSolution
		HideSolutionNode = FALSE
	EndGlobalSection
	GlobalSection(NestedProjects) = preSolution
		{59C4FD49-064A-4835-B886-F46FDE03C06C} = {AE78ADC7-9280-4DE6-91AE-07981E19F9AF}
		{689D1C45-8C4E-478C-B157-D110A72A4CA6} = {AE78ADC7-9280-4DE6-91AE-07981E19F9AF}
	EndGlobalSection
	GlobalSection(ExtensibilityGlobals) = postSolution
		SolutionGuid = {F61C162D-D16F-4A58-9AA0-C8536030337E}
	EndGlobalSection
EndGlobal
