Microsoft Visual Studio Solution File, Format Version 12.00
# Visual Studio Version 17
VisualStudioVersion = 17.5.2.0
MinimumVisualStudioVersion = 10.0.40219.1
Project("{FAE04EC0-301F-11D3-BF4B-00C04F79EFBC}") = "Issue1241", "Issue1241.csproj", "{467DFC83-A129-9FFF-C28F-041665F56E79}"
EndProject
Global
	GlobalSection(SolutionConfigurationPlatforms) = preSolution
		Debug|Any CPU = Debug|Any CPU
		Release|Any CPU = Release|Any CPU
	EndGlobalSection
	GlobalSection(ProjectConfigurationPlatforms) = postSolution
		{467DFC83-A129-9FFF-C28F-041665F56E79}.Debug|Any CPU.ActiveCfg = Debug|Any CPU
		{467DFC83-A129-9FFF-C28F-041665F56E79}.Debug|Any CPU.Build.0 = Debug|Any CPU
		{467DFC83-A129-9FFF-C28F-041665F56E79}.Release|Any CPU.ActiveCfg = Release|Any CPU
		{467DFC83-A129-9FFF-C28F-041665F56E79}.Release|Any CPU.Build.0 = Release|Any CPU
	EndGlobalSection
	GlobalSection(SolutionProperties) = preSolution
		HideSolutionNode = FALSE
	EndGlobalSection
	GlobalSection(ExtensibilityGlobals) = postSolution
		SolutionGuid = {FE93AEFA-5FF4-4BBB-98DE-33461A89FA04}
	EndGlobalSection
EndGlobal
