Microsoft Visual Studio Solution File, Format Version 12.00
# Visual Studio Version 17
VisualStudioVersion = 17.5.2.0
MinimumVisualStudioVersion = 10.0.40219.1
Project("{FAE04EC0-301F-11D3-BF4B-00C04F79EFBC}") = "Issue1385", "Issue1385.csproj", "{11E3EAE2-882E-84A7-93F9-F124FB358462}"
EndProject
Global
	GlobalSection(SolutionConfigurationPlatforms) = preSolution
		Debug|Any CPU = Debug|Any CPU
		Release|Any CPU = Release|Any CPU
	EndGlobalSection
	GlobalSection(ProjectConfigurationPlatforms) = postSolution
		{11E3EAE2-882E-84A7-93F9-F124FB358462}.Debug|Any CPU.ActiveCfg = Debug|Any CPU
		{11E3EAE2-882E-84A7-93F9-F124FB358462}.Debug|Any CPU.Build.0 = Debug|Any CPU
		{11E3EAE2-882E-84A7-93F9-F124FB358462}.Release|Any CPU.ActiveCfg = Release|Any CPU
		{11E3EAE2-882E-84A7-93F9-F124FB358462}.Release|Any CPU.Build.0 = Release|Any CPU
	EndGlobalSection
	GlobalSection(SolutionProperties) = preSolution
		HideSolutionNode = FALSE
	EndGlobalSection
	GlobalSection(ExtensibilityGlobals) = postSolution
		SolutionGuid = {00E4A2AD-C2B0-4C20-BD31-DF1BF33EAAEE}
	EndGlobalSection
EndGlobal
