
Microsoft Visual Studio Solution File, Format Version 12.00
# Visual Studio Version 17
VisualStudioVersion = 17.4.33110.190
MinimumVisualStudioVersion = 10.0.40219.1
Project("{9A19103F-16F7-4668-BE54-9A1E7A4F7556}") = "exp", "exp.csproj", "{5C96DD98-E628-46EF-8B40-3EB27E9B7B3B}"
EndProject
Project("{2150E333-8FDC-42A3-9474-1A3956D46DE8}") = "Solution Items", "Solution Items", "{A5617F31-F71E-4D65-AE53-D49A8858CB33}"
	ProjectSection(SolutionItems) = preProject
		.runsettings = .runsettings
		readme.md = readme.md
	EndProjectSection
EndProject
Global
	GlobalSection(SolutionConfigurationPlatforms) = preSolution
		Debug|Any CPU = Debug|Any CPU
		Release|Any CPU = Release|Any CPU
	EndGlobalSection
	GlobalSection(ProjectConfigurationPlatforms) = postSolution
		{5C96DD98-E628-46EF-8B40-3EB27E9B7B3B}.Debug|Any CPU.ActiveCfg = Debug|Any CPU
		{5C96DD98-E628-46EF-8B40-3EB27E9B7B3B}.Debug|Any CPU.Build.0 = Debug|Any CPU
		{5C96DD98-E628-46EF-8B40-3EB27E9B7B3B}.Release|Any CPU.ActiveCfg = Release|Any CPU
		{5C96DD98-E628-46EF-8B40-3EB27E9B7B3B}.Release|Any CPU.Build.0 = Release|Any CPU
	EndGlobalSection
	GlobalSection(SolutionProperties) = preSolution
		HideSolutionNode = FALSE
	EndGlobalSection
	GlobalSection(ExtensibilityGlobals) = postSolution
		SolutionGuid = {7EAC4DDA-89CD-42CF-B084-2E666E6466D3}
	EndGlobalSection
EndGlobal
