Microsoft Visual Studio Solution File, Format Version 12.00
# Visual Studio Version 17
VisualStudioVersion = 17.5.2.0
MinimumVisualStudioVersion = 10.0.40219.1
Project("{FAE04EC0-301F-11D3-BF4B-00C04F79EFBC}") = "Issue1360", "Issue1360.csproj", "{1EDC8C35-0018-9CEF-2E08-2C05A0A58FF7}"
EndProject
Global
	GlobalSection(SolutionConfigurationPlatforms) = preSolution
		Debug|Any CPU = Debug|Any CPU
		Release|Any CPU = Release|Any CPU
	EndGlobalSection
	GlobalSection(ProjectConfigurationPlatforms) = postSolution
		{1EDC8C35-0018-9CEF-2E08-2C05A0A58FF7}.Debug|Any CPU.ActiveCfg = Debug|Any CPU
		{1EDC8C35-0018-9CEF-2E08-2C05A0A58FF7}.Debug|Any CPU.Build.0 = Debug|Any CPU
		{1EDC8C35-0018-9CEF-2E08-2C05A0A58FF7}.Release|Any CPU.ActiveCfg = Release|Any CPU
		{1EDC8C35-0018-9CEF-2E08-2C05A0A58FF7}.Release|Any CPU.Build.0 = Release|Any CPU
	EndGlobalSection
	GlobalSection(SolutionProperties) = preSolution
		HideSolutionNode = FALSE
	EndGlobalSection
	GlobalSection(ExtensibilityGlobals) = postSolution
		SolutionGuid = {F3F9D9C7-2DA9-4716-86BA-5B32F49A56A0}
	EndGlobalSection
EndGlobal
