Microsoft Visual Studio Solution File, Format Version 12.00
# Visual Studio Version 17
VisualStudioVersion = 17.5.2.0
MinimumVisualStudioVersion = 10.0.40219.1
Project("{FAE04EC0-301F-11D3-BF4B-00C04F79EFBC}") = "nunit-runner-jason", "nunit-runner-jason.csproj", "{0D9A6A5A-323A-1595-4C7D-5164CDAB641B}"
EndProject
Global
	GlobalSection(SolutionConfigurationPlatforms) = preSolution
		Debug|Any CPU = Debug|Any CPU
		Release|Any CPU = Release|Any CPU
	EndGlobalSection
	GlobalSection(ProjectConfigurationPlatforms) = postSolution
		{0D9A6A5A-323A-1595-4C7D-5164CDAB641B}.Debug|Any CPU.ActiveCfg = Debug|Any CPU
		{0D9A6A5A-323A-1595-4C7D-5164CDAB641B}.Debug|Any CPU.Build.0 = Debug|Any CPU
		{0D9A6A5A-323A-1595-4C7D-5164CDAB641B}.Release|Any CPU.ActiveCfg = Release|Any CPU
		{0D9A6A5A-323A-1595-4C7D-5164CDAB641B}.Release|Any CPU.Build.0 = Release|Any CPU
	EndGlobalSection
	GlobalSection(SolutionProperties) = preSolution
		HideSolutionNode = FALSE
	EndGlobalSection
	GlobalSection(ExtensibilityGlobals) = postSolution
		SolutionGuid = {6B9A43F4-B3C7-4F1D-9693-A2DA6DF7B735}
	EndGlobalSection
EndGlobal
