
Microsoft Visual Studio Solution File, Format Version 12.00
# Visual Studio 15
VisualStudioVersion = 15.0.27130.0
MinimumVisualStudioVersion = 10.0.40219.1
Project("{9A19103F-16F7-4668-BE54-9A1E7A4F7556}") = "Project", "Project\Project.csproj", "{9A8CF937-3FB4-427A-8D0D-D1E634EBA4CF}"
EndProject
Project("{9A19103F-16F7-4668-BE54-9A1E7A4F7556}") = "Tests", "Tests\Tests.csproj", "{B7DF59D2-5699-4409-A87A-CD680620C55E}"
EndProject
Project("{FAE04EC0-301F-11D3-BF4B-00C04F79EFBC}") = "Tests2", "Tests2\Tests2.csproj", "{53BCD135-3EBC-4B8A-A8FC-7380C9B52743}"
EndProject
Global
	GlobalSection(SolutionConfigurationPlatforms) = preSolution
		Debug|Any CPU = Debug|Any CPU
		Release|Any CPU = Release|Any CPU
	EndGlobalSection
	GlobalSection(ProjectConfigurationPlatforms) = postSolution
		{9A8CF937-3FB4-427A-8D0D-D1E634EBA4CF}.Debug|Any CPU.ActiveCfg = Debug|Any CPU
		{9A8CF937-3FB4-427A-8D0D-D1E634EBA4CF}.Debug|Any CPU.Build.0 = Debug|Any CPU
		{9A8CF937-3FB4-427A-8D0D-D1E634EBA4CF}.Release|Any CPU.ActiveCfg = Release|Any CPU
		{9A8CF937-3FB4-427A-8D0D-D1E634EBA4CF}.Release|Any CPU.Build.0 = Release|Any CPU
		{B7DF59D2-5699-4409-A87A-CD680620C55E}.Debug|Any CPU.ActiveCfg = Debug|Any CPU
		{B7DF59D2-5699-4409-A87A-CD680620C55E}.Debug|Any CPU.Build.0 = Debug|Any CPU
		{B7DF59D2-5699-4409-A87A-CD680620C55E}.Release|Any CPU.ActiveCfg = Release|Any CPU
		{B7DF59D2-5699-4409-A87A-CD680620C55E}.Release|Any CPU.Build.0 = Release|Any CPU
		{53BCD135-3EBC-4B8A-A8FC-7380C9B52743}.Debug|Any CPU.ActiveCfg = Debug|Any CPU
		{53BCD135-3EBC-4B8A-A8FC-7380C9B52743}.Debug|Any CPU.Build.0 = Debug|Any CPU
		{53BCD135-3EBC-4B8A-A8FC-7380C9B52743}.Release|Any CPU.ActiveCfg = Release|Any CPU
		{53BCD135-3EBC-4B8A-A8FC-7380C9B52743}.Release|Any CPU.Build.0 = Release|Any CPU
	EndGlobalSection
	GlobalSection(SolutionProperties) = preSolution
		HideSolutionNode = FALSE
	EndGlobalSection
	GlobalSection(ExtensibilityGlobals) = postSolution
		SolutionGuid = {7B7F5B95-7EFD-481D-9B83-786D4F19F079}
	EndGlobalSection
EndGlobal
