Microsoft Visual Studio Solution File, Format Version 12.00
# Visual Studio Version 17
VisualStudioVersion = 17.5.2.0
MinimumVisualStudioVersion = 10.0.40219.1
Project("{FAE04EC0-301F-11D3-BF4B-00C04F79EFBC}") = "Issue1351", "Issue1351.csproj", "{91E7CDE4-A404-BCCB-F5D0-30744C5E0273}"
EndProject
Global
	GlobalSection(SolutionConfigurationPlatforms) = preSolution
		Debug|Any CPU = Debug|Any CPU
		Release|Any CPU = Release|Any CPU
	EndGlobalSection
	GlobalSection(ProjectConfigurationPlatforms) = postSolution
		{91E7CDE4-A404-BCCB-F5D0-30744C5E0273}.Debug|Any CPU.ActiveCfg = Debug|Any CPU
		{91E7CDE4-A404-BCCB-F5D0-30744C5E0273}.Debug|Any CPU.Build.0 = Debug|Any CPU
		{91E7CDE4-A404-BCCB-F5D0-30744C5E0273}.Release|Any CPU.ActiveCfg = Release|Any CPU
		{91E7CDE4-A404-BCCB-F5D0-30744C5E0273}.Release|Any CPU.Build.0 = Release|Any CPU
	EndGlobalSection
	GlobalSection(SolutionProperties) = preSolution
		HideSolutionNode = FALSE
	EndGlobalSection
	GlobalSection(ExtensibilityGlobals) = postSolution
		SolutionGuid = {7B175424-A4B4-4263-9635-D9DA7144F1B6}
	EndGlobalSection
EndGlobal
