
Microsoft Visual Studio Solution File, Format Version 12.00
# Visual Studio Version 17
VisualStudioVersion = 17.14.35821.62
MinimumVisualStudioVersion = 10.0.40219.1
Project("{FAE04EC0-301F-11D3-BF4B-00C04F79EFBC}") = "RetryRepro", "RetryRepro\RetryRepro.csproj", "{EBD8BDA6-44A8-4280-B275-17EAFA8B862B}"
EndProject
Project("{2150E333-8FDC-42A3-9474-1A3956D46DE8}") = "Solution Items", "Solution Items", "{8EC462FD-D22E-90A8-E5CE-7E832BA40C5D}"
	ProjectSection(SolutionItems) = preProject
		.runsettings = .runsettings
		debugrun.cmd = debugrun.cmd
	EndProjectSection
EndProject
Global
	GlobalSection(SolutionConfigurationPlatforms) = preSolution
		Debug|Any CPU = Debug|Any CPU
		Release|Any CPU = Release|Any CPU
	EndGlobalSection
	GlobalSection(ProjectConfigurationPlatforms) = postSolution
		{EBD8BDA6-44A8-4280-B275-17EAFA8B862B}.Debug|Any CPU.ActiveCfg = Debug|Any CPU
		{EBD8BDA6-44A8-4280-B275-17EAFA8B862B}.Debug|Any CPU.Build.0 = Debug|Any CPU
		{EBD8BDA6-44A8-4280-B275-17EAFA8B862B}.Release|Any CPU.ActiveCfg = Release|Any CPU
		{EBD8BDA6-44A8-4280-B275-17EAFA8B862B}.Release|Any CPU.Build.0 = Release|Any CPU
	EndGlobalSection
	GlobalSection(SolutionProperties) = preSolution
		HideSolutionNode = FALSE
	EndGlobalSection
	GlobalSection(ExtensibilityGlobals) = postSolution
		SolutionGuid = {B2EB01DB-90F0-4734-A750-742E1B4EDB01}
	EndGlobalSection
EndGlobal
