
Microsoft Visual Studio Solution File, Format Version 12.00
# Visual Studio Version 17
VisualStudioVersion = 17.0.32014.148
MinimumVisualStudioVersion = 10.0.40219.1
Project("{9A19103F-16F7-4668-BE54-9A1E7A4F7556}") = "filtertest", "filtertest.csproj", "{8BBE82F8-B6EB-4660-AB0E-A9BC5445DBA4}"
EndProject
Global
	GlobalSection(SolutionConfigurationPlatforms) = preSolution
		Debug|Any CPU = Debug|Any CPU
		Release|Any CPU = Release|Any CPU
	EndGlobalSection
	GlobalSection(ProjectConfigurationPlatforms) = postSolution
		{8BBE82F8-B6EB-4660-AB0E-A9BC5445DBA4}.Debug|Any CPU.ActiveCfg = Debug|Any CPU
		{8BBE82F8-B6EB-4660-AB0E-A9BC5445DBA4}.Debug|Any CPU.Build.0 = Debug|Any CPU
		{8BBE82F8-B6EB-4660-AB0E-A9BC5445DBA4}.Release|Any CPU.ActiveCfg = Release|Any CPU
		{8BBE82F8-B6EB-4660-AB0E-A9BC5445DBA4}.Release|Any CPU.Build.0 = Release|Any CPU
	EndGlobalSection
	GlobalSection(SolutionProperties) = preSolution
		HideSolutionNode = FALSE
	EndGlobalSection
	GlobalSection(ExtensibilityGlobals) = postSolution
		SolutionGuid = {ABBE0060-B1A4-4367-A871-43A7818A62A6}
	EndGlobalSection
EndGlobal
