
Microsoft Visual Studio Solution File, Format Version 12.00
# Visual Studio Version 17
VisualStudioVersion = 17.0.31919.166
MinimumVisualStudioVersion = 10.0.40219.1
Project("{2150E333-8FDC-42A3-9474-1A3956D46DE8}") = "Solution Items", "Solution Items", "{42753DCE-5446-462B-9ED4-81F8AD2F134E}"
	ProjectSection(SolutionItems) = preProject
		.runsettings = .runsettings
		nuget.config = nuget.config
	EndProjectSection
EndProject
Project("{9A19103F-16F7-4668-BE54-9A1E7A4F7556}") = "Issue497_Filtering", "Issue497_Filtering.csproj", "{2C4D30F2-4282-4263-B8F1-13329F8A6242}"
EndProject
Global
	GlobalSection(SolutionConfigurationPlatforms) = preSolution
		Debug|Any CPU = Debug|Any CPU
		Release|Any CPU = Release|Any CPU
	EndGlobalSection
	GlobalSection(ProjectConfigurationPlatforms) = postSolution
		{2C4D30F2-4282-4263-B8F1-13329F8A6242}.Debug|Any CPU.ActiveCfg = Debug|Any CPU
		{2C4D30F2-4282-4263-B8F1-13329F8A6242}.Debug|Any CPU.Build.0 = Debug|Any CPU
		{2C4D30F2-4282-4263-B8F1-13329F8A6242}.Release|Any CPU.ActiveCfg = Release|Any CPU
		{2C4D30F2-4282-4263-B8F1-13329F8A6242}.Release|Any CPU.Build.0 = Release|Any CPU
	EndGlobalSection
	GlobalSection(SolutionProperties) = preSolution
		HideSolutionNode = FALSE
	EndGlobalSection
	GlobalSection(ExtensibilityGlobals) = postSolution
		SolutionGuid = {1C3D094A-3B6E-4B35-9FE6-F0A03E1D8BD0}
	EndGlobalSection
EndGlobal
