
Microsoft Visual Studio Solution File, Format Version 12.00
# Visual Studio Version 17
VisualStudioVersion = 17.0.31825.309
MinimumVisualStudioVersion = 10.0.40219.1
Project("{9A19103F-16F7-4668-BE54-9A1E7A4F7556}") = "LibraryToTest.Tests", "LibraryToTest.Tests\LibraryToTest.Tests.csproj", "{E6956BF2-2982-4F0F-9E2A-F908FE4D6AF9}"
EndProject
Global
	GlobalSection(SolutionConfigurationPlatforms) = preSolution
		Ad-Hoc|Any CPU = Ad-Hoc|Any CPU
		Ad-Hoc|ARM = Ad-Hoc|ARM
		Ad-Hoc|iPhone = Ad-Hoc|iPhone
		Ad-Hoc|iPhoneSimulator = Ad-Hoc|iPhoneSimulator
		Ad-Hoc|x64 = Ad-Hoc|x64
		Ad-Hoc|x86 = Ad-Hoc|x86
		AppStore|Any CPU = AppStore|Any CPU
		AppStore|ARM = AppStore|ARM
		AppStore|iPhone = AppStore|iPhone
		AppStore|iPhoneSimulator = AppStore|iPhoneSimulator
		AppStore|x64 = AppStore|x64
		AppStore|x86 = AppStore|x86
		DataImport|Any CPU = DataImport|Any CPU
		DataImport|ARM = DataImport|ARM
		DataImport|iPhone = DataImport|iPhone
		DataImport|iPhoneSimulator = DataImport|iPhoneSimulator
		DataImport|x64 = DataImport|x64
		DataImport|x86 = DataImport|x86
		Debug|Any CPU = Debug|Any CPU
		Debug|ARM = Debug|ARM
		Debug|iPhone = Debug|iPhone
		Debug|iPhoneSimulator = Debug|iPhoneSimulator
		Debug|x64 = Debug|x64
		Debug|x86 = Debug|x86
		Qa|Any CPU = Qa|Any CPU
		Qa|ARM = Qa|ARM
		Qa|iPhone = Qa|iPhone
		Qa|iPhoneSimulator = Qa|iPhoneSimulator
		Qa|x64 = Qa|x64
		Qa|x86 = Qa|x86
		Release|Any CPU = Release|Any CPU
		Release|ARM = Release|ARM
		Release|iPhone = Release|iPhone
		Release|iPhoneSimulator = Release|iPhoneSimulator
		Release|x64 = Release|x64
		Release|x86 = Release|x86
		Staging|Any CPU = Staging|Any CPU
		Staging|ARM = Staging|ARM
		Staging|iPhone = Staging|iPhone
		Staging|iPhoneSimulator = Staging|iPhoneSimulator
		Staging|x64 = Staging|x64
		Staging|x86 = Staging|x86
		Uat|Any CPU = Uat|Any CPU
		Uat|ARM = Uat|ARM
		Uat|iPhone = Uat|iPhone
		Uat|iPhoneSimulator = Uat|iPhoneSimulator
		Uat|x64 = Uat|x64
		Uat|x86 = Uat|x86
	EndGlobalSection
	GlobalSection(ProjectConfigurationPlatforms) = postSolution
		{E6956BF2-2982-4F0F-9E2A-F908FE4D6AF9}.Ad-Hoc|Any CPU.ActiveCfg = Debug|Any CPU
		{E6956BF2-2982-4F0F-9E2A-F908FE4D6AF9}.Ad-Hoc|Any CPU.Build.0 = Debug|Any CPU
		{E6956BF2-2982-4F0F-9E2A-F908FE4D6AF9}.Ad-Hoc|ARM.ActiveCfg = Debug|Any CPU
		{E6956BF2-2982-4F0F-9E2A-F908FE4D6AF9}.Ad-Hoc|ARM.Build.0 = Debug|Any CPU
		{E6956BF2-2982-4F0F-9E2A-F908FE4D6AF9}.Ad-Hoc|iPhone.ActiveCfg = Debug|Any CPU
		{E6956BF2-2982-4F0F-9E2A-F908FE4D6AF9}.Ad-Hoc|iPhone.Build.0 = Debug|Any CPU
		{E6956BF2-2982-4F0F-9E2A-F908FE4D6AF9}.Ad-Hoc|iPhoneSimulator.ActiveCfg = Debug|Any CPU
		{E6956BF2-2982-4F0F-9E2A-F908FE4D6AF9}.Ad-Hoc|iPhoneSimulator.Build.0 = Debug|Any CPU
		{E6956BF2-2982-4F0F-9E2A-F908FE4D6AF9}.Ad-Hoc|x64.ActiveCfg = Debug|Any CPU
		{E6956BF2-2982-4F0F-9E2A-F908FE4D6AF9}.Ad-Hoc|x64.Build.0 = Debug|Any CPU
		{E6956BF2-2982-4F0F-9E2A-F908FE4D6AF9}.Ad-Hoc|x86.ActiveCfg = Debug|Any CPU
		{E6956BF2-2982-4F0F-9E2A-F908FE4D6AF9}.Ad-Hoc|x86.Build.0 = Debug|Any CPU
		{E6956BF2-2982-4F0F-9E2A-F908FE4D6AF9}.AppStore|Any CPU.ActiveCfg = Debug|Any CPU
		{E6956BF2-2982-4F0F-9E2A-F908FE4D6AF9}.AppStore|Any CPU.Build.0 = Debug|Any CPU
		{E6956BF2-2982-4F0F-9E2A-F908FE4D6AF9}.AppStore|ARM.ActiveCfg = Debug|Any CPU
		{E6956BF2-2982-4F0F-9E2A-F908FE4D6AF9}.AppStore|ARM.Build.0 = Debug|Any CPU
		{E6956BF2-2982-4F0F-9E2A-F908FE4D6AF9}.AppStore|iPhone.ActiveCfg = Debug|Any CPU
		{E6956BF2-2982-4F0F-9E2A-F908FE4D6AF9}.AppStore|iPhone.Build.0 = Debug|Any CPU
		{E6956BF2-2982-4F0F-9E2A-F908FE4D6AF9}.AppStore|iPhoneSimulator.ActiveCfg = Debug|Any CPU
		{E6956BF2-2982-4F0F-9E2A-F908FE4D6AF9}.AppStore|iPhoneSimulator.Build.0 = Debug|Any CPU
		{E6956BF2-2982-4F0F-9E2A-F908FE4D6AF9}.AppStore|x64.ActiveCfg = Debug|Any CPU
		{E6956BF2-2982-4F0F-9E2A-F908FE4D6AF9}.AppStore|x64.Build.0 = Debug|Any CPU
		{E6956BF2-2982-4F0F-9E2A-F908FE4D6AF9}.AppStore|x86.ActiveCfg = Debug|Any CPU
		{E6956BF2-2982-4F0F-9E2A-F908FE4D6AF9}.AppStore|x86.Build.0 = Debug|Any CPU
		{E6956BF2-2982-4F0F-9E2A-F908FE4D6AF9}.DataImport|Any CPU.ActiveCfg = Debug|Any CPU
		{E6956BF2-2982-4F0F-9E2A-F908FE4D6AF9}.DataImport|Any CPU.Build.0 = Debug|Any CPU
		{E6956BF2-2982-4F0F-9E2A-F908FE4D6AF9}.DataImport|ARM.ActiveCfg = Debug|Any CPU
		{E6956BF2-2982-4F0F-9E2A-F908FE4D6AF9}.DataImport|ARM.Build.0 = Debug|Any CPU
		{E6956BF2-2982-4F0F-9E2A-F908FE4D6AF9}.DataImport|iPhone.ActiveCfg = Debug|Any CPU
		{E6956BF2-2982-4F0F-9E2A-F908FE4D6AF9}.DataImport|iPhone.Build.0 = Debug|Any CPU
		{E6956BF2-2982-4F0F-9E2A-F908FE4D6AF9}.DataImport|iPhoneSimulator.ActiveCfg = Debug|Any CPU
		{E6956BF2-2982-4F0F-9E2A-F908FE4D6AF9}.DataImport|iPhoneSimulator.Build.0 = Debug|Any CPU
		{E6956BF2-2982-4F0F-9E2A-F908FE4D6AF9}.DataImport|x64.ActiveCfg = Debug|Any CPU
		{E6956BF2-2982-4F0F-9E2A-F908FE4D6AF9}.DataImport|x64.Build.0 = Debug|Any CPU
		{E6956BF2-2982-4F0F-9E2A-F908FE4D6AF9}.DataImport|x86.ActiveCfg = Debug|Any CPU
		{E6956BF2-2982-4F0F-9E2A-F908FE4D6AF9}.DataImport|x86.Build.0 = Debug|Any CPU
		{E6956BF2-2982-4F0F-9E2A-F908FE4D6AF9}.Debug|Any CPU.ActiveCfg = Debug|Any CPU
		{E6956BF2-2982-4F0F-9E2A-F908FE4D6AF9}.Debug|Any CPU.Build.0 = Debug|Any CPU
		{E6956BF2-2982-4F0F-9E2A-F908FE4D6AF9}.Debug|ARM.ActiveCfg = Debug|Any CPU
		{E6956BF2-2982-4F0F-9E2A-F908FE4D6AF9}.Debug|ARM.Build.0 = Debug|Any CPU
		{E6956BF2-2982-4F0F-9E2A-F908FE4D6AF9}.Debug|iPhone.ActiveCfg = Debug|Any CPU
		{E6956BF2-2982-4F0F-9E2A-F908FE4D6AF9}.Debug|iPhone.Build.0 = Debug|Any CPU
		{E6956BF2-2982-4F0F-9E2A-F908FE4D6AF9}.Debug|iPhoneSimulator.ActiveCfg = Debug|Any CPU
		{E6956BF2-2982-4F0F-9E2A-F908FE4D6AF9}.Debug|iPhoneSimulator.Build.0 = Debug|Any CPU
		{E6956BF2-2982-4F0F-9E2A-F908FE4D6AF9}.Debug|x64.ActiveCfg = Debug|Any CPU
		{E6956BF2-2982-4F0F-9E2A-F908FE4D6AF9}.Debug|x64.Build.0 = Debug|Any CPU
		{E6956BF2-2982-4F0F-9E2A-F908FE4D6AF9}.Debug|x86.ActiveCfg = Debug|Any CPU
		{E6956BF2-2982-4F0F-9E2A-F908FE4D6AF9}.Debug|x86.Build.0 = Debug|Any CPU
		{E6956BF2-2982-4F0F-9E2A-F908FE4D6AF9}.Qa|Any CPU.ActiveCfg = Debug|Any CPU
		{E6956BF2-2982-4F0F-9E2A-F908FE4D6AF9}.Qa|Any CPU.Build.0 = Debug|Any CPU
		{E6956BF2-2982-4F0F-9E2A-F908FE4D6AF9}.Qa|ARM.ActiveCfg = Debug|Any CPU
		{E6956BF2-2982-4F0F-9E2A-F908FE4D6AF9}.Qa|ARM.Build.0 = Debug|Any CPU
		{E6956BF2-2982-4F0F-9E2A-F908FE4D6AF9}.Qa|iPhone.ActiveCfg = Debug|Any CPU
		{E6956BF2-2982-4F0F-9E2A-F908FE4D6AF9}.Qa|iPhone.Build.0 = Debug|Any CPU
		{E6956BF2-2982-4F0F-9E2A-F908FE4D6AF9}.Qa|iPhoneSimulator.ActiveCfg = Debug|Any CPU
		{E6956BF2-2982-4F0F-9E2A-F908FE4D6AF9}.Qa|iPhoneSimulator.Build.0 = Debug|Any CPU
		{E6956BF2-2982-4F0F-9E2A-F908FE4D6AF9}.Qa|x64.ActiveCfg = Debug|Any CPU
		{E6956BF2-2982-4F0F-9E2A-F908FE4D6AF9}.Qa|x64.Build.0 = Debug|Any CPU
		{E6956BF2-2982-4F0F-9E2A-F908FE4D6AF9}.Qa|x86.ActiveCfg = Debug|Any CPU
		{E6956BF2-2982-4F0F-9E2A-F908FE4D6AF9}.Qa|x86.Build.0 = Debug|Any CPU
		{E6956BF2-2982-4F0F-9E2A-F908FE4D6AF9}.Release|Any CPU.ActiveCfg = Release|Any CPU
		{E6956BF2-2982-4F0F-9E2A-F908FE4D6AF9}.Release|Any CPU.Build.0 = Release|Any CPU
		{E6956BF2-2982-4F0F-9E2A-F908FE4D6AF9}.Release|ARM.ActiveCfg = Release|Any CPU
		{E6956BF2-2982-4F0F-9E2A-F908FE4D6AF9}.Release|ARM.Build.0 = Release|Any CPU
		{E6956BF2-2982-4F0F-9E2A-F908FE4D6AF9}.Release|iPhone.ActiveCfg = Release|Any CPU
		{E6956BF2-2982-4F0F-9E2A-F908FE4D6AF9}.Release|iPhone.Build.0 = Release|Any CPU
		{E6956BF2-2982-4F0F-9E2A-F908FE4D6AF9}.Release|iPhoneSimulator.ActiveCfg = Release|Any CPU
		{E6956BF2-2982-4F0F-9E2A-F908FE4D6AF9}.Release|iPhoneSimulator.Build.0 = Release|Any CPU
		{E6956BF2-2982-4F0F-9E2A-F908FE4D6AF9}.Release|x64.ActiveCfg = Release|Any CPU
		{E6956BF2-2982-4F0F-9E2A-F908FE4D6AF9}.Release|x64.Build.0 = Release|Any CPU
		{E6956BF2-2982-4F0F-9E2A-F908FE4D6AF9}.Release|x86.ActiveCfg = Release|Any CPU
		{E6956BF2-2982-4F0F-9E2A-F908FE4D6AF9}.Release|x86.Build.0 = Release|Any CPU
		{E6956BF2-2982-4F0F-9E2A-F908FE4D6AF9}.Staging|Any CPU.ActiveCfg = Debug|Any CPU
		{E6956BF2-2982-4F0F-9E2A-F908FE4D6AF9}.Staging|Any CPU.Build.0 = Debug|Any CPU
		{E6956BF2-2982-4F0F-9E2A-F908FE4D6AF9}.Staging|ARM.ActiveCfg = Debug|Any CPU
		{E6956BF2-2982-4F0F-9E2A-F908FE4D6AF9}.Staging|ARM.Build.0 = Debug|Any CPU
		{E6956BF2-2982-4F0F-9E2A-F908FE4D6AF9}.Staging|iPhone.ActiveCfg = Debug|Any CPU
		{E6956BF2-2982-4F0F-9E2A-F908FE4D6AF9}.Staging|iPhone.Build.0 = Debug|Any CPU
		{E6956BF2-2982-4F0F-9E2A-F908FE4D6AF9}.Staging|iPhoneSimulator.ActiveCfg = Debug|Any CPU
		{E6956BF2-2982-4F0F-9E2A-F908FE4D6AF9}.Staging|iPhoneSimulator.Build.0 = Debug|Any CPU
		{E6956BF2-2982-4F0F-9E2A-F908FE4D6AF9}.Staging|x64.ActiveCfg = Debug|Any CPU
		{E6956BF2-2982-4F0F-9E2A-F908FE4D6AF9}.Staging|x64.Build.0 = Debug|Any CPU
		{E6956BF2-2982-4F0F-9E2A-F908FE4D6AF9}.Staging|x86.ActiveCfg = Debug|Any CPU
		{E6956BF2-2982-4F0F-9E2A-F908FE4D6AF9}.Staging|x86.Build.0 = Debug|Any CPU
		{E6956BF2-2982-4F0F-9E2A-F908FE4D6AF9}.Uat|Any CPU.ActiveCfg = Debug|Any CPU
		{E6956BF2-2982-4F0F-9E2A-F908FE4D6AF9}.Uat|Any CPU.Build.0 = Debug|Any CPU
		{E6956BF2-2982-4F0F-9E2A-F908FE4D6AF9}.Uat|ARM.ActiveCfg = Debug|Any CPU
		{E6956BF2-2982-4F0F-9E2A-F908FE4D6AF9}.Uat|ARM.Build.0 = Debug|Any CPU
		{E6956BF2-2982-4F0F-9E2A-F908FE4D6AF9}.Uat|iPhone.ActiveCfg = Debug|Any CPU
		{E6956BF2-2982-4F0F-9E2A-F908FE4D6AF9}.Uat|iPhone.Build.0 = Debug|Any CPU
		{E6956BF2-2982-4F0F-9E2A-F908FE4D6AF9}.Uat|iPhoneSimulator.ActiveCfg = Debug|Any CPU
		{E6956BF2-2982-4F0F-9E2A-F908FE4D6AF9}.Uat|iPhoneSimulator.Build.0 = Debug|Any CPU
		{E6956BF2-2982-4F0F-9E2A-F908FE4D6AF9}.Uat|x64.ActiveCfg = Debug|Any CPU
		{E6956BF2-2982-4F0F-9E2A-F908FE4D6AF9}.Uat|x64.Build.0 = Debug|Any CPU
		{E6956BF2-2982-4F0F-9E2A-F908FE4D6AF9}.Uat|x86.ActiveCfg = Debug|Any CPU
		{E6956BF2-2982-4F0F-9E2A-F908FE4D6AF9}.Uat|x86.Build.0 = Debug|Any CPU
	EndGlobalSection
	GlobalSection(SolutionProperties) = preSolution
		HideSolutionNode = FALSE
	EndGlobalSection
	GlobalSection(ExtensibilityGlobals) = postSolution
		SolutionGuid = {A492D532-9FA6-4877-9207-3F7C2C4E4BE4}
	EndGlobalSection
EndGlobal
