
Microsoft Visual Studio Solution File, Format Version 12.00
# Visual Studio Version 17
VisualStudioVersion = 17.8.34511.84
MinimumVisualStudioVersion = 10.0.40219.1
Project("{9A19103F-16F7-4668-BE54-9A1E7A4F7556}") = "Issue718", "Issue718.csproj", "{CD3EDE9A-D6DA-465D-9C9D-D1BBD95F6380}"
EndProject
Project("{2150E333-8FDC-42A3-9474-1A3956D46DE8}") = "Solution Items", "Solution Items", "{85EA3712-9039-465A-98F5-1237D290D902}"
	ProjectSection(SolutionItems) = preProject
		.runsettings = .runsettings
		nuget.config = nuget.config
	EndProjectSection
EndProject
Global
	GlobalSection(SolutionConfigurationPlatforms) = preSolution
		Debug|Any CPU = Debug|Any CPU
		Release|Any CPU = Release|Any CPU
	EndGlobalSection
	GlobalSection(ProjectConfigurationPlatforms) = postSolution
		{CD3EDE9A-D6DA-465D-9C9D-D1BBD95F6380}.Debug|Any CPU.ActiveCfg = Debug|Any CPU
		{CD3EDE9A-D6DA-465D-9C9D-D1BBD95F6380}.Debug|Any CPU.Build.0 = Debug|Any CPU
		{CD3EDE9A-D6DA-465D-9C9D-D1BBD95F6380}.Release|Any CPU.ActiveCfg = Release|Any CPU
		{CD3EDE9A-D6DA-465D-9C9D-D1BBD95F6380}.Release|Any CPU.Build.0 = Release|Any CPU
	EndGlobalSection
	GlobalSection(SolutionProperties) = preSolution
		HideSolutionNode = FALSE
	EndGlobalSection
	GlobalSection(ExtensibilityGlobals) = postSolution
		SolutionGuid = {84EB2D5D-9381-48D1-98E3-D64E49477E3D}
	EndGlobalSection
EndGlobal
