
Microsoft Visual Studio Solution File, Format Version 12.00
# Visual Studio Version 17
VisualStudioVersion = 17.0.31903.59
MinimumVisualStudioVersion = 10.0.40219.1
Project("{FAE04EC0-301F-11D3-BF4B-00C04F79EFBC}") = "lib_lib", "lib\lib_lib.csproj", "{CE8B8E7A-CBD8-4934-93D4-556820FFC977}"
EndProject
Project("{FAE04EC0-301F-11D3-BF4B-00C04F79EFBC}") = "tests_tests", "tests\tests_tests.csproj", "{FCA107EB-0D81-4952-96C0-163BA3F134A0}"
EndProject
Global
	GlobalSection(SolutionConfigurationPlatforms) = preSolution
		Debug|Any CPU = Debug|Any CPU
		Release|Any CPU = Release|Any CPU
	EndGlobalSection
	GlobalSection(SolutionProperties) = preSolution
		HideSolutionNode = FALSE
	EndGlobalSection
	GlobalSection(ProjectConfigurationPlatforms) = postSolution
		{CE8B8E7A-CBD8-4934-93D4-556820FFC977}.Debug|Any CPU.ActiveCfg = Debug|Any CPU
		{CE8B8E7A-CBD8-4934-93D4-556820FFC977}.Debug|Any CPU.Build.0 = Debug|Any CPU
		{CE8B8E7A-CBD8-4934-93D4-556820FFC977}.Release|Any CPU.ActiveCfg = Release|Any CPU
		{CE8B8E7A-CBD8-4934-93D4-556820FFC977}.Release|Any CPU.Build.0 = Release|Any CPU
		{FCA107EB-0D81-4952-96C0-163BA3F134A0}.Debug|Any CPU.ActiveCfg = Debug|Any CPU
		{FCA107EB-0D81-4952-96C0-163BA3F134A0}.Debug|Any CPU.Build.0 = Debug|Any CPU
		{FCA107EB-0D81-4952-96C0-163BA3F134A0}.Release|Any CPU.ActiveCfg = Release|Any CPU
		{FCA107EB-0D81-4952-96C0-163BA3F134A0}.Release|Any CPU.Build.0 = Release|Any CPU
	EndGlobalSection
EndGlobal
