
Microsoft Visual Studio Solution File, Format Version 12.00
# Visual Studio Version 17
VisualStudioVersion = 17.12.35728.132 d17.12
MinimumVisualStudioVersion = 10.0.40219.1
Project("{FAE04EC0-301F-11D3-BF4B-00C04F79EFBC}") = "Issue1258", "Issue1258.csproj", "{08F2C74E-7266-4135-903F-5A1F1FF1C2BB}"
EndProject
Project("{2150E333-8FDC-42A3-9474-1A3956D46DE8}") = "Solution Items", "Solution Items", "{1BC9D102-7D31-4874-894C-7AA35F195E6A}"
	ProjectSection(SolutionItems) = preProject
		.runsettings = .runsettings
	EndProjectSection
EndProject
Global
	GlobalSection(SolutionConfigurationPlatforms) = preSolution
		Debug|Any CPU = Debug|Any CPU
		Release|Any CPU = Release|Any CPU
	EndGlobalSection
	GlobalSection(ProjectConfigurationPlatforms) = postSolution
		{08F2C74E-7266-4135-903F-5A1F1FF1C2BB}.Debug|Any CPU.ActiveCfg = Debug|Any CPU
		{08F2C74E-7266-4135-903F-5A1F1FF1C2BB}.Debug|Any CPU.Build.0 = Debug|Any CPU
		{08F2C74E-7266-4135-903F-5A1F1FF1C2BB}.Release|Any CPU.ActiveCfg = Release|Any CPU
		{08F2C74E-7266-4135-903F-5A1F1FF1C2BB}.Release|Any CPU.Build.0 = Release|Any CPU
	EndGlobalSection
	GlobalSection(SolutionProperties) = preSolution
		HideSolutionNode = FALSE
	EndGlobalSection
EndGlobal
