
Microsoft Visual Studio Solution File, Format Version 12.00
# Visual Studio Version 17
VisualStudioVersion = 17.9.34902.65
MinimumVisualStudioVersion = 10.0.40219.1
Project("{9A19103F-16F7-4668-BE54-9A1E7A4F7556}") = "Issue1186", "Issue1186.csproj", "{03C28A0B-7F53-43C6-952D-EEEB9B3B09DB}"
EndProject
Global
	GlobalSection(SolutionConfigurationPlatforms) = preSolution
		Debug|Any CPU = Debug|Any CPU
		Release|Any CPU = Release|Any CPU
	EndGlobalSection
	GlobalSection(ProjectConfigurationPlatforms) = postSolution
		{03C28A0B-7F53-43C6-952D-EEEB9B3B09DB}.Debug|Any CPU.ActiveCfg = Debug|Any CPU
		{03C28A0B-7F53-43C6-952D-EEEB9B3B09DB}.Debug|Any CPU.Build.0 = Debug|Any CPU
		{03C28A0B-7F53-43C6-952D-EEEB9B3B09DB}.Release|Any CPU.ActiveCfg = Release|Any CPU
		{03C28A0B-7F53-43C6-952D-EEEB9B3B09DB}.Release|Any CPU.Build.0 = Release|Any CPU
	EndGlobalSection
	GlobalSection(SolutionProperties) = preSolution
		HideSolutionNode = FALSE
	EndGlobalSection
	GlobalSection(ExtensibilityGlobals) = postSolution
		SolutionGuid = {E487AF5F-78F1-4EE7-8177-C88674377983}
	EndGlobalSection
EndGlobal
