
Microsoft Visual Studio Solution File, Format Version 12.00
# Visual Studio Version 16
VisualStudioVersion = 16.0.29613.14
MinimumVisualStudioVersion = 10.0.40219.1
Project("{FAE04EC0-301F-11D3-BF4B-00C04F79EFBC}") = "Issue710", "Issue710.csproj", "{9AA971DF-3F06-40DC-A477-25E8A66151D1}"
EndProject
Global
	GlobalSection(SolutionConfigurationPlatforms) = preSolution
		Debug|Any CPU = Debug|Any CPU
		Release|Any CPU = Release|Any CPU
	EndGlobalSection
	GlobalSection(ProjectConfigurationPlatforms) = postSolution
		{9AA971DF-3F06-40DC-A477-25E8A66151D1}.Debug|Any CPU.ActiveCfg = Debug|Any CPU
		{9AA971DF-3F06-40DC-A477-25E8A66151D1}.Debug|Any CPU.Build.0 = Debug|Any CPU
		{9AA971DF-3F06-40DC-A477-25E8A66151D1}.Release|Any CPU.ActiveCfg = Release|Any CPU
		{9AA971DF-3F06-40DC-A477-25E8A66151D1}.Release|Any CPU.Build.0 = Release|Any CPU
	EndGlobalSection
	GlobalSection(SolutionProperties) = preSolution
		HideSolutionNode = FALSE
	EndGlobalSection
	GlobalSection(ExtensibilityGlobals) = postSolution
		SolutionGuid = {39795387-1A06-4DB3-93AE-7521B437D9E6}
	EndGlobalSection
EndGlobal
