
Microsoft Visual Studio Solution File, Format Version 12.00
# Visual Studio Version 16
VisualStudioVersion = 16.0.30413.136
MinimumVisualStudioVersion = 10.0.40219.1
Project("{9A19103F-16F7-4668-BE54-9A1E7A4F7556}") = "Issue780", "Issue780.csproj", "{12E702CD-AD0A-4F34-9F5A-E67C1C1A0AE0}"
EndProject
Project("{2150E333-8FDC-42A3-9474-1A3956D46DE8}") = "Solution Items", "Solution Items", "{C0E25B8F-C309-4219-BAC6-1F4A03783EE7}"
	ProjectSection(SolutionItems) = preProject
		.runsettings = .runsettings
	EndProjectSection
EndProject
Global
	GlobalSection(SolutionConfigurationPlatforms) = preSolution
		Debug|Any CPU = Debug|Any CPU
		Release|Any CPU = Release|Any CPU
	EndGlobalSection
	GlobalSection(ProjectConfigurationPlatforms) = postSolution
		{12E702CD-AD0A-4F34-9F5A-E67C1C1A0AE0}.Debug|Any CPU.ActiveCfg = Debug|Any CPU
		{12E702CD-AD0A-4F34-9F5A-E67C1C1A0AE0}.Debug|Any CPU.Build.0 = Debug|Any CPU
		{12E702CD-AD0A-4F34-9F5A-E67C1C1A0AE0}.Release|Any CPU.ActiveCfg = Release|Any CPU
		{12E702CD-AD0A-4F34-9F5A-E67C1C1A0AE0}.Release|Any CPU.Build.0 = Release|Any CPU
	EndGlobalSection
	GlobalSection(SolutionProperties) = preSolution
		HideSolutionNode = FALSE
	EndGlobalSection
	GlobalSection(ExtensibilityGlobals) = postSolution
		SolutionGuid = {14B8B61A-DBC2-4079-B330-BC516C46CC04}
	EndGlobalSection
EndGlobal
