
Microsoft Visual Studio Solution File, Format Version 12.00
# Visual Studio Version 17
VisualStudioVersion = 17.0.31919.166
MinimumVisualStudioVersion = 10.0.40219.1
Project("{9A19103F-16F7-4668-BE54-9A1E7A4F7556}") = "Issue919", "Issue919.csproj", "{A8B5C075-FA17-444D-A983-0C77FE172960}"
EndProject
Global
	GlobalSection(SolutionConfigurationPlatforms) = preSolution
		Debug|Any CPU = Debug|Any CPU
		Release|Any CPU = Release|Any CPU
	EndGlobalSection
	GlobalSection(ProjectConfigurationPlatforms) = postSolution
		{A8B5C075-FA17-444D-A983-0C77FE172960}.Debug|Any CPU.ActiveCfg = Debug|Any CPU
		{A8B5C075-FA17-444D-A983-0C77FE172960}.Debug|Any CPU.Build.0 = Debug|Any CPU
		{A8B5C075-FA17-444D-A983-0C77FE172960}.Release|Any CPU.ActiveCfg = Release|Any CPU
		{A8B5C075-FA17-444D-A983-0C77FE172960}.Release|Any CPU.Build.0 = Release|Any CPU
	EndGlobalSection
	GlobalSection(SolutionProperties) = preSolution
		HideSolutionNode = FALSE
	EndGlobalSection
	GlobalSection(ExtensibilityGlobals) = postSolution
		SolutionGuid = {47987F4D-D3B8-4A5C-A8F6-3DC747029B4C}
	EndGlobalSection
EndGlobal
