
Microsoft Visual Studio Solution File, Format Version 12.00
# Visual Studio Version 16
VisualStudioVersion = 16.0.31515.178
MinimumVisualStudioVersion = 10.0.40219.1
Project("{9A19103F-16F7-4668-BE54-9A1E7A4F7556}") = "Issue228", "Issue228.csproj", "{969AC6D0-3010-413C-A22F-6B9C9D68F0B5}"
EndProject
Global
	GlobalSection(SolutionConfigurationPlatforms) = preSolution
		Debug|Any CPU = Debug|Any CPU
		Release|Any CPU = Release|Any CPU
	EndGlobalSection
	GlobalSection(ProjectConfigurationPlatforms) = postSolution
		{969AC6D0-3010-413C-A22F-6B9C9D68F0B5}.Debug|Any CPU.ActiveCfg = Debug|Any CPU
		{969AC6D0-3010-413C-A22F-6B9C9D68F0B5}.Debug|Any CPU.Build.0 = Debug|Any CPU
		{969AC6D0-3010-413C-A22F-6B9C9D68F0B5}.Release|Any CPU.ActiveCfg = Release|Any CPU
		{969AC6D0-3010-413C-A22F-6B9C9D68F0B5}.Release|Any CPU.Build.0 = Release|Any CPU
	EndGlobalSection
	GlobalSection(SolutionProperties) = preSolution
		HideSolutionNode = FALSE
	EndGlobalSection
	GlobalSection(ExtensibilityGlobals) = postSolution
		SolutionGuid = {CEBCE94F-7833-44CF-899F-A0936F6159DC}
	EndGlobalSection
EndGlobal
