Microsoft Visual Studio Solution File, Format Version 12.00
# Visual Studio Version 17
VisualStudioVersion = 17.5.2.0
MinimumVisualStudioVersion = 10.0.40219.1
Project("{FAE04EC0-301F-11D3-BF4B-00C04F79EFBC}") = "Issue1405", "Issue1405.csproj", "{1398D065-85E3-0BF5-0420-74B6785EBE74}"
EndProject
Global
	GlobalSection(SolutionConfigurationPlatforms) = preSolution
		Debug|Any CPU = Debug|Any CPU
		Release|Any CPU = Release|Any CPU
	EndGlobalSection
	GlobalSection(ProjectConfigurationPlatforms) = postSolution
		{1398D065-85E3-0BF5-0420-74B6785EBE74}.Debug|Any CPU.ActiveCfg = Debug|Any CPU
		{1398D065-85E3-0BF5-0420-74B6785EBE74}.Debug|Any CPU.Build.0 = Debug|Any CPU
		{1398D065-85E3-0BF5-0420-74B6785EBE74}.Release|Any CPU.ActiveCfg = Release|Any CPU
		{1398D065-85E3-0BF5-0420-74B6785EBE74}.Release|Any CPU.Build.0 = Release|Any CPU
	EndGlobalSection
	GlobalSection(SolutionProperties) = preSolution
		HideSolutionNode = FALSE
	EndGlobalSection
	GlobalSection(ExtensibilityGlobals) = postSolution
		SolutionGuid = {1217BD5A-C298-43DD-8824-1DB3889FE0A8}
	EndGlobalSection
EndGlobal
