
Microsoft Visual Studio Solution File, Format Version 12.00
# Visual Studio Version 17
VisualStudioVersion = 17.0.31903.59
MinimumVisualStudioVersion = 10.0.40219.1
Project("{FAE04EC0-301F-11D3-BF4B-00C04F79EFBC}") = "nunit-runner", "1-nunit-runner\nunit-runner.csproj", "{11B39E53-54D7-4287-B326-C3C9967920D2}"
EndProject
Project("{FAE04EC0-301F-11D3-BF4B-00C04F79EFBC}") = "nunit-runner-dotnet-test", "2-nunit-runner-dotnet-test\nunit-runner-dotnet-test.csproj", "{3554C753-FFAE-4ED6-A687-347CDF611C36}"
EndProject
Project("{2150E333-8FDC-42A3-9474-1A3956D46DE8}") = "Solution Items", "Solution Items", "{8158772C-CB23-4EF1-8F0B-A4AEE97EF2FC}"
	ProjectSection(SolutionItems) = preProject
		.runsettings = .runsettings
		nuget.config = nuget.config
	EndProjectSection
EndProject
Global
	GlobalSection(SolutionConfigurationPlatforms) = preSolution
		Debug|Any CPU = Debug|Any CPU
		Release|Any CPU = Release|Any CPU
	EndGlobalSection
	GlobalSection(ProjectConfigurationPlatforms) = postSolution
		{11B39E53-54D7-4287-B326-C3C9967920D2}.Debug|Any CPU.ActiveCfg = Debug|Any CPU
		{11B39E53-54D7-4287-B326-C3C9967920D2}.Debug|Any CPU.Build.0 = Debug|Any CPU
		{11B39E53-54D7-4287-B326-C3C9967920D2}.Release|Any CPU.ActiveCfg = Release|Any CPU
		{11B39E53-54D7-4287-B326-C3C9967920D2}.Release|Any CPU.Build.0 = Release|Any CPU
		{3554C753-FFAE-4ED6-A687-347CDF611C36}.Debug|Any CPU.ActiveCfg = Debug|Any CPU
		{3554C753-FFAE-4ED6-A687-347CDF611C36}.Debug|Any CPU.Build.0 = Debug|Any CPU
		{3554C753-FFAE-4ED6-A687-347CDF611C36}.Release|Any CPU.ActiveCfg = Release|Any CPU
		{3554C753-FFAE-4ED6-A687-347CDF611C36}.Release|Any CPU.Build.0 = Release|Any CPU
	EndGlobalSection
	GlobalSection(SolutionProperties) = preSolution
		HideSolutionNode = FALSE
	EndGlobalSection
EndGlobal
