Microsoft Visual Studio Solution File, Format Version 12.00
# Visual Studio Version 17
VisualStudioVersion = 17.5.2.0
MinimumVisualStudioVersion = 10.0.40219.1
Project("{FAE04EC0-301F-11D3-BF4B-00C04F79EFBC}") = "Issue1231", "Issue1231.csproj", "{234C25F4-0642-6E02-A5D0-2086EFB09D81}"
EndProject
Global
	GlobalSection(SolutionConfigurationPlatforms) = preSolution
		Debug|Any CPU = Debug|Any CPU
		Release|Any CPU = Release|Any CPU
	EndGlobalSection
	GlobalSection(ProjectConfigurationPlatforms) = postSolution
		{234C25F4-0642-6E02-A5D0-2086EFB09D81}.Debug|Any CPU.ActiveCfg = Debug|Any CPU
		{234C25F4-0642-6E02-A5D0-2086EFB09D81}.Debug|Any CPU.Build.0 = Debug|Any CPU
		{234C25F4-0642-6E02-A5D0-2086EFB09D81}.Release|Any CPU.ActiveCfg = Release|Any CPU
		{234C25F4-0642-6E02-A5D0-2086EFB09D81}.Release|Any CPU.Build.0 = Release|Any CPU
	EndGlobalSection
	GlobalSection(SolutionProperties) = preSolution
		HideSolutionNode = FALSE
	EndGlobalSection
	GlobalSection(ExtensibilityGlobals) = postSolution
		SolutionGuid = {100D132A-0478-408B-B917-1D976E77C7B3}
	EndGlobalSection
EndGlobal
