Microsoft Visual Studio Solution File, Format Version 12.00
# Visual Studio Version 17
VisualStudioVersion = 17.5.2.0
MinimumVisualStudioVersion = 10.0.40219.1
Project("{FAE04EC0-301F-11D3-BF4B-00C04F79EFBC}") = "Issue1332", "Issue1332.csproj", "{B04E38C3-31AD-5DA4-17E3-6EBA696B1004}"
EndProject
Project("{2150E333-8FDC-42A3-9474-1A3956D46DE8}") = "Solution Items", "Solution Items", "{8EC462FD-D22E-90A8-E5CE-7E832BA40C5D}"
	ProjectSection(SolutionItems) = preProject
		.runsettings = .runsettings
		global.json = global.json
		nuget.config = nuget.config
	EndProjectSection
EndProject
Global
	GlobalSection(SolutionConfigurationPlatforms) = preSolution
		Debug|Any CPU = Debug|Any CPU
		Release|Any CPU = Release|Any CPU
	EndGlobalSection
	GlobalSection(ProjectConfigurationPlatforms) = postSolution
		{B04E38C3-31AD-5DA4-17E3-6EBA696B1004}.Debug|Any CPU.ActiveCfg = Debug|Any CPU
		{B04E38C3-31AD-5DA4-17E3-6EBA696B1004}.Debug|Any CPU.Build.0 = Debug|Any CPU
		{B04E38C3-31AD-5DA4-17E3-6EBA696B1004}.Release|Any CPU.ActiveCfg = Release|Any CPU
		{B04E38C3-31AD-5DA4-17E3-6EBA696B1004}.Release|Any CPU.Build.0 = Release|Any CPU
	EndGlobalSection
	GlobalSection(SolutionProperties) = preSolution
		HideSolutionNode = FALSE
	EndGlobalSection
	GlobalSection(ExtensibilityGlobals) = postSolution
		SolutionGuid = {A820A47D-2544-4E09-ADB4-C7F516C0B23C}
	EndGlobalSection
EndGlobal
