
Microsoft Visual Studio Solution File, Format Version 12.00
Project("{FAE04EC0-301F-11D3-BF4B-00C04F79EFBC}") = "NUnitAdapterBug", "NUnitAdapterBug.csproj", "{7471AFFC-BF5B-4006-B08A-EC2383F1B3EE}"
EndProject
Global
	GlobalSection(SolutionConfigurationPlatforms) = preSolution
		Debug|Any CPU = Debug|Any CPU
		Release|Any CPU = Release|Any CPU
	EndGlobalSection
	GlobalSection(ProjectConfigurationPlatforms) = postSolution
		{7471AFFC-BF5B-4006-B08A-EC2383F1B3EE}.Debug|Any CPU.ActiveCfg = Debug|Any CPU
		{7471AFFC-BF5B-4006-B08A-EC2383F1B3EE}.Debug|Any CPU.Build.0 = Debug|Any CPU
		{7471AFFC-BF5B-4006-B08A-EC2383F1B3EE}.Release|Any CPU.ActiveCfg = Release|Any CPU
		{7471AFFC-BF5B-4006-B08A-EC2383F1B3EE}.Release|Any CPU.Build.0 = Release|Any CPU
	EndGlobalSection
EndGlobal
