
Microsoft Visual Studio Solution File, Format Version 12.00
# Visual Studio Version 16
VisualStudioVersion = 16.0.31112.23
MinimumVisualStudioVersion = 10.0.40219.1
Project("{FAE04EC0-301F-11D3-BF4B-00C04F79EFBC}") = "Issue824", "Issue824.csproj", "{F94DE307-9D42-4395-AB2E-22900DDB096C}"
EndProject
Global
	GlobalSection(SolutionConfigurationPlatforms) = preSolution
		Debug|Any CPU = Debug|Any CPU
		Release|Any CPU = Release|Any CPU
	EndGlobalSection
	GlobalSection(ProjectConfigurationPlatforms) = postSolution
		{F94DE307-9D42-4395-AB2E-22900DDB096C}.Debug|Any CPU.ActiveCfg = Debug|Any CPU
		{F94DE307-9D42-4395-AB2E-22900DDB096C}.Debug|Any CPU.Build.0 = Debug|Any CPU
		{F94DE307-9D42-4395-AB2E-22900DDB096C}.Release|Any CPU.ActiveCfg = Release|Any CPU
		{F94DE307-9D42-4395-AB2E-22900DDB096C}.Release|Any CPU.Build.0 = Release|Any CPU
	EndGlobalSection
	GlobalSection(SolutionProperties) = preSolution
		HideSolutionNode = FALSE
	EndGlobalSection
	GlobalSection(ExtensibilityGlobals) = postSolution
		SolutionGuid = {3321C1E3-E001-4070-9B30-08A7CF21B9F6}
	EndGlobalSection
EndGlobal
