Microsoft Visual Studio Solution File, Format Version 12.00
# Visual Studio Version 17
VisualStudioVersion = 17.5.2.0
MinimumVisualStudioVersion = 10.0.40219.1
Project("{FAE04EC0-301F-11D3-BF4B-00C04F79EFBC}") = "Issue1243", "Issue1243.csproj", "{88C656E5-D6F5-34AA-9B95-65AC85B032A0}"
EndProject
Global
	GlobalSection(SolutionConfigurationPlatforms) = preSolution
		Debug|Any CPU = Debug|Any CPU
		Release|Any CPU = Release|Any CPU
	EndGlobalSection
	GlobalSection(ProjectConfigurationPlatforms) = postSolution
		{88C656E5-D6F5-34AA-9B95-65AC85B032A0}.Debug|Any CPU.ActiveCfg = Debug|Any CPU
		{88C656E5-D6F5-34AA-9B95-65AC85B032A0}.Debug|Any CPU.Build.0 = Debug|Any CPU
		{88C656E5-D6F5-34AA-9B95-65AC85B032A0}.Release|Any CPU.ActiveCfg = Release|Any CPU
		{88C656E5-D6F5-34AA-9B95-65AC85B032A0}.Release|Any CPU.Build.0 = Release|Any CPU
	EndGlobalSection
	GlobalSection(SolutionProperties) = preSolution
		HideSolutionNode = FALSE
	EndGlobalSection
	GlobalSection(ExtensibilityGlobals) = postSolution
		SolutionGuid = {12D4D187-623A-4990-8558-9670F6615FB4}
	EndGlobalSection
EndGlobal
