
Microsoft Visual Studio Solution File, Format Version 12.00
# Visual Studio Version 17
VisualStudioVersion = 17.11.35312.102
MinimumVisualStudioVersion = 10.0.40219.1
Project("{9A19103F-16F7-4668-BE54-9A1E7A4F7556}") = "Issue1213", "Issue1213\Issue1213.csproj", "{01F3D4F2-3961-4BA4-9A21-637F64E4C714}"
EndProject
Project("{9A19103F-16F7-4668-BE54-9A1E7A4F7556}") = "Issue1213.Tests", "Issue1213.Tests\Issue1213.Tests.csproj", "{D309724E-B095-46AB-8B7D-72DE86B55A5E}"
EndProject
Global
	GlobalSection(SolutionConfigurationPlatforms) = preSolution
		Debug|Any CPU = Debug|Any CPU
		Release|Any CPU = Release|Any CPU
	EndGlobalSection
	GlobalSection(ProjectConfigurationPlatforms) = postSolution
		{01F3D4F2-3961-4BA4-9A21-637F64E4C714}.Debug|Any CPU.ActiveCfg = Debug|Any CPU
		{01F3D4F2-3961-4BA4-9A21-637F64E4C714}.Debug|Any CPU.Build.0 = Debug|Any CPU
		{01F3D4F2-3961-4BA4-9A21-637F64E4C714}.Release|Any CPU.ActiveCfg = Release|Any CPU
		{01F3D4F2-3961-4BA4-9A21-637F64E4C714}.Release|Any CPU.Build.0 = Release|Any CPU
		{D309724E-B095-46AB-8B7D-72DE86B55A5E}.Debug|Any CPU.ActiveCfg = Debug|Any CPU
		{D309724E-B095-46AB-8B7D-72DE86B55A5E}.Debug|Any CPU.Build.0 = Debug|Any CPU
		{D309724E-B095-46AB-8B7D-72DE86B55A5E}.Release|Any CPU.ActiveCfg = Release|Any CPU
		{D309724E-B095-46AB-8B7D-72DE86B55A5E}.Release|Any CPU.Build.0 = Release|Any CPU
	EndGlobalSection
	GlobalSection(SolutionProperties) = preSolution
		HideSolutionNode = FALSE
	EndGlobalSection
	GlobalSection(ExtensibilityGlobals) = postSolution
		SolutionGuid = {13478A5A-1BFA-4E27-807F-05556BE01E36}
	EndGlobalSection
EndGlobal
