
Microsoft Visual Studio Solution File, Format Version 12.00
# Visual Studio Version 16
VisualStudioVersion = 16.0.29613.14
MinimumVisualStudioVersion = 10.0.40219.1
Project("{2150E333-8FDC-42A3-9474-1A3956D46DE8}") = "Solution Items", "Solution Items", "{D63EB82C-939A-478C-BD2B-69876D941926}"
	ProjectSection(SolutionItems) = preProject
		simple.runsettings = simple.runsettings
	EndProjectSection
EndProject
Project("{FAE04EC0-301F-11D3-BF4B-00C04F79EFBC}") = "ReportExt", "ReportExt\ReportExt.csproj", "{C1A7BFAF-3AC5-4D0F-8E30-83F455621640}"
EndProject
Project("{9A19103F-16F7-4668-BE54-9A1E7A4F7556}") = "Issue667", "Issue\Issue667.csproj", "{6F2E731C-6D28-48E4-9E30-9B7FB196132F}"
EndProject
Global
	GlobalSection(SolutionConfigurationPlatforms) = preSolution
		Debug|Any CPU = Debug|Any CPU
		Release|Any CPU = Release|Any CPU
	EndGlobalSection
	GlobalSection(ProjectConfigurationPlatforms) = postSolution
		{C1A7BFAF-3AC5-4D0F-8E30-83F455621640}.Debug|Any CPU.ActiveCfg = Debug|Any CPU
		{C1A7BFAF-3AC5-4D0F-8E30-83F455621640}.Debug|Any CPU.Build.0 = Debug|Any CPU
		{C1A7BFAF-3AC5-4D0F-8E30-83F455621640}.Release|Any CPU.ActiveCfg = Release|Any CPU
		{C1A7BFAF-3AC5-4D0F-8E30-83F455621640}.Release|Any CPU.Build.0 = Release|Any CPU
		{6F2E731C-6D28-48E4-9E30-9B7FB196132F}.Debug|Any CPU.ActiveCfg = Debug|Any CPU
		{6F2E731C-6D28-48E4-9E30-9B7FB196132F}.Debug|Any CPU.Build.0 = Debug|Any CPU
		{6F2E731C-6D28-48E4-9E30-9B7FB196132F}.Release|Any CPU.ActiveCfg = Release|Any CPU
		{6F2E731C-6D28-48E4-9E30-9B7FB196132F}.Release|Any CPU.Build.0 = Release|Any CPU
	EndGlobalSection
	GlobalSection(SolutionProperties) = preSolution
		HideSolutionNode = FALSE
	EndGlobalSection
	GlobalSection(ExtensibilityGlobals) = postSolution
		SolutionGuid = {0BF4878E-BBCB-4E1D-92C8-79C866CF7CD5}
	EndGlobalSection
EndGlobal
