
Microsoft Visual Studio Solution File, Format Version 12.00
# Visual Studio Version 16
VisualStudioVersion = 16.0.30114.105
MinimumVisualStudioVersion = 10.0.40219.1
Project("{FAE04EC0-301F-11D3-BF4B-00C04F79EFBC}") = "Issue912", "Issue912.csproj", "{3666B01F-6B7E-4E3D-8325-80FA8CC505BA}"
EndProject
Global
	GlobalSection(SolutionConfigurationPlatforms) = preSolution
		Debug|Any CPU = Debug|Any CPU
		Release|Any CPU = Release|Any CPU
	EndGlobalSection
	GlobalSection(SolutionProperties) = preSolution
		HideSolutionNode = FALSE
	EndGlobalSection
	GlobalSection(ProjectConfigurationPlatforms) = postSolution
		{3666B01F-6B7E-4E3D-8325-80FA8CC505BA}.Debug|Any CPU.ActiveCfg = Debug|Any CPU
		{3666B01F-6B7E-4E3D-8325-80FA8CC505BA}.Debug|Any CPU.Build.0 = Debug|Any CPU
		{3666B01F-6B7E-4E3D-8325-80FA8CC505BA}.Release|Any CPU.ActiveCfg = Release|Any CPU
		{3666B01F-6B7E-4E3D-8325-80FA8CC505BA}.Release|Any CPU.Build.0 = Release|Any CPU
	EndGlobalSection
EndGlobal
