
Microsoft Visual Studio Solution File, Format Version 12.00
# Visual Studio Version 18
VisualStudioVersion = 18.0.11217.181
MinimumVisualStudioVersion = 10.0.40219.1
Project("{FAE04EC0-301F-11D3-BF4B-00C04F79EFBC}") = "IssueRunner.Cli", "IssueRunner.Cli\IssueRunner.Cli.csproj", "{D4E5F6A7-B8C9-7D8E-BF0A-2B3C4D5E6F7A}"
EndProject
Project("{FAE04EC0-301F-11D3-BF4B-00C04F79EFBC}") = "IssueRunner.Tests", "IssueRunner.Tests\IssueRunner.Tests.csproj", "{B2C3D4E5-F6A7-5B6C-9D8E-0F1A2B3C4D5E}"
EndProject
Project("{FAE04EC0-301F-11D3-BF4B-00C04F79EFBC}") = "IssueRunner.ComponentTests", "IssueRunner.ComponentTests\IssueRunner.ComponentTests.csproj", "{C3D4E5F6-A7B8-6C7D-AE9F-1A2B3C4D5E6F}"
EndProject
Project("{2150E333-8FDC-42A3-9474-1A3956D46DE8}") = "Solution Items", "Solution Items", "{C241000A-DF33-4AE1-A430-29E1CC7A8EFC}"
	ProjectSection(SolutionItems) = preProject
		..\README.md = ..\README.md
	EndProjectSection
EndProject
Project("{2150E333-8FDC-42A3-9474-1A3956D46DE8}") = ".github", ".github", "{5C0B43C9-1AFE-4CE8-82BB-2280E1FA40B2}"
	ProjectSection(SolutionItems) = preProject
		..\.github\copilot-instructions.md = ..\.github\copilot-instructions.md
	EndProjectSection
EndProject
Project("{2150E333-8FDC-42A3-9474-1A3956D46DE8}") = "workflows", "workflows", "{98D55EDA-1CC7-4D85-B79D-873F578E6CF3}"
	ProjectSection(SolutionItems) = preProject
		..\.github\workflows\open-issues-dotnet.yml = ..\.github\workflows\open-issues-dotnet.yml
		..\.github\workflows\open-issues-netfx.yml = ..\.github\workflows\open-issues-netfx.yml
		..\.github\workflows\regression-tests-dotnet.yml = ..\.github\workflows\regression-tests-dotnet.yml
		..\.github\workflows\regression-tests-netfx.yml = ..\.github\workflows\regression-tests-netfx.yml
	EndProjectSection
EndProject
Project("{FAE04EC0-301F-11D3-BF4B-00C04F79EFBC}") = "IssueRunner.Gui.Tests", "IssueRunner.Gui.Tests\IssueRunner.Gui.Tests.csproj", "{5006D5CA-7583-4F5D-B079-9BACC871DEA0}"
EndProject
Project("{FAE04EC0-301F-11D3-BF4B-00C04F79EFBC}") = "IssueRunner.Gui", "IssueRunner.Gui\IssueRunner.Gui.csproj", "{5EBF5100-4731-4DE5-AB9E-6B85CBDECBE4}"
EndProject
Project("{FAE04EC0-301F-11D3-BF4B-00C04F79EFBC}") = "IssueRunner.Core", "IssueRunner.Core\IssueRunner.Core.csproj", "{0B4B2563-C962-4BDA-8BBA-1249207CED37}"
EndProject
Global
	GlobalSection(SolutionConfigurationPlatforms) = preSolution
		Debug|Any CPU = Debug|Any CPU
		Debug|x64 = Debug|x64
		Debug|x86 = Debug|x86
		Release|Any CPU = Release|Any CPU
		Release|x64 = Release|x64
		Release|x86 = Release|x86
	EndGlobalSection
	GlobalSection(ProjectConfigurationPlatforms) = postSolution
		{B2C3D4E5-F6A7-5B6C-9D8E-0F1A2B3C4D5E}.Debug|Any CPU.ActiveCfg = Debug|Any CPU
		{B2C3D4E5-F6A7-5B6C-9D8E-0F1A2B3C4D5E}.Debug|Any CPU.Build.0 = Debug|Any CPU
		{B2C3D4E5-F6A7-5B6C-9D8E-0F1A2B3C4D5E}.Debug|x64.ActiveCfg = Debug|Any CPU
		{B2C3D4E5-F6A7-5B6C-9D8E-0F1A2B3C4D5E}.Debug|x64.Build.0 = Debug|Any CPU
		{B2C3D4E5-F6A7-5B6C-9D8E-0F1A2B3C4D5E}.Debug|x86.ActiveCfg = Debug|Any CPU
		{B2C3D4E5-F6A7-5B6C-9D8E-0F1A2B3C4D5E}.Debug|x86.Build.0 = Debug|Any CPU
		{B2C3D4E5-F6A7-5B6C-9D8E-0F1A2B3C4D5E}.Release|Any CPU.ActiveCfg = Release|Any CPU
		{B2C3D4E5-F6A7-5B6C-9D8E-0F1A2B3C4D5E}.Release|Any CPU.Build.0 = Release|Any CPU
		{B2C3D4E5-F6A7-5B6C-9D8E-0F1A2B3C4D5E}.Release|x64.ActiveCfg = Release|Any CPU
		{B2C3D4E5-F6A7-5B6C-9D8E-0F1A2B3C4D5E}.Release|x64.Build.0 = Release|Any CPU
		{B2C3D4E5-F6A7-5B6C-9D8E-0F1A2B3C4D5E}.Release|x86.ActiveCfg = Release|Any CPU
		{B2C3D4E5-F6A7-5B6C-9D8E-0F1A2B3C4D5E}.Release|x86.Build.0 = Release|Any CPU
		{C3D4E5F6-A7B8-6C7D-AE9F-1A2B3C4D5E6F}.Debug|Any CPU.ActiveCfg = Debug|Any CPU
		{C3D4E5F6-A7B8-6C7D-AE9F-1A2B3C4D5E6F}.Debug|Any CPU.Build.0 = Debug|Any CPU
		{C3D4E5F6-A7B8-6C7D-AE9F-1A2B3C4D5E6F}.Debug|x64.ActiveCfg = Debug|Any CPU
		{C3D4E5F6-A7B8-6C7D-AE9F-1A2B3C4D5E6F}.Debug|x64.Build.0 = Debug|Any CPU
		{C3D4E5F6-A7B8-6C7D-AE9F-1A2B3C4D5E6F}.Debug|x86.ActiveCfg = Debug|Any CPU
		{C3D4E5F6-A7B8-6C7D-AE9F-1A2B3C4D5E6F}.Debug|x86.Build.0 = Debug|Any CPU
		{C3D4E5F6-A7B8-6C7D-AE9F-1A2B3C4D5E6F}.Release|Any CPU.ActiveCfg = Release|Any CPU
		{C3D4E5F6-A7B8-6C7D-AE9F-1A2B3C4D5E6F}.Release|Any CPU.Build.0 = Release|Any CPU
		{C3D4E5F6-A7B8-6C7D-AE9F-1A2B3C4D5E6F}.Release|x64.ActiveCfg = Release|Any CPU
		{C3D4E5F6-A7B8-6C7D-AE9F-1A2B3C4D5E6F}.Release|x64.Build.0 = Release|Any CPU
		{C3D4E5F6-A7B8-6C7D-AE9F-1A2B3C4D5E6F}.Release|x86.ActiveCfg = Release|Any CPU
		{C3D4E5F6-A7B8-6C7D-AE9F-1A2B3C4D5E6F}.Release|x86.Build.0 = Release|Any CPU
		{5006D5CA-7583-4F5D-B079-9BACC871DEA0}.Debug|Any CPU.ActiveCfg = Debug|Any CPU
		{5006D5CA-7583-4F5D-B079-9BACC871DEA0}.Debug|Any CPU.Build.0 = Debug|Any CPU
		{5006D5CA-7583-4F5D-B079-9BACC871DEA0}.Debug|x64.ActiveCfg = Debug|Any CPU
		{5006D5CA-7583-4F5D-B079-9BACC871DEA0}.Debug|x64.Build.0 = Debug|Any CPU
		{5006D5CA-7583-4F5D-B079-9BACC871DEA0}.Debug|x86.ActiveCfg = Debug|Any CPU
		{5006D5CA-7583-4F5D-B079-9BACC871DEA0}.Debug|x86.Build.0 = Debug|Any CPU
		{5006D5CA-7583-4F5D-B079-9BACC871DEA0}.Release|Any CPU.ActiveCfg = Release|Any CPU
		{5006D5CA-7583-4F5D-B079-9BACC871DEA0}.Release|Any CPU.Build.0 = Release|Any CPU
		{5006D5CA-7583-4F5D-B079-9BACC871DEA0}.Release|x64.ActiveCfg = Release|Any CPU
		{5006D5CA-7583-4F5D-B079-9BACC871DEA0}.Release|x64.Build.0 = Release|Any CPU
		{5006D5CA-7583-4F5D-B079-9BACC871DEA0}.Release|x86.ActiveCfg = Release|Any CPU
		{5006D5CA-7583-4F5D-B079-9BACC871DEA0}.Release|x86.Build.0 = Release|Any CPU
		{5EBF5100-4731-4DE5-AB9E-6B85CBDECBE4}.Debug|Any CPU.ActiveCfg = Debug|Any CPU
		{5EBF5100-4731-4DE5-AB9E-6B85CBDECBE4}.Debug|Any CPU.Build.0 = Debug|Any CPU
		{5EBF5100-4731-4DE5-AB9E-6B85CBDECBE4}.Debug|x64.ActiveCfg = Debug|Any CPU
		{5EBF5100-4731-4DE5-AB9E-6B85CBDECBE4}.Debug|x64.Build.0 = Debug|Any CPU
		{5EBF5100-4731-4DE5-AB9E-6B85CBDECBE4}.Debug|x86.ActiveCfg = Debug|Any CPU
		{5EBF5100-4731-4DE5-AB9E-6B85CBDECBE4}.Debug|x86.Build.0 = Debug|Any CPU
		{5EBF5100-4731-4DE5-AB9E-6B85CBDECBE4}.Release|Any CPU.ActiveCfg = Release|Any CPU
		{5EBF5100-4731-4DE5-AB9E-6B85CBDECBE4}.Release|Any CPU.Build.0 = Release|Any CPU
		{5EBF5100-4731-4DE5-AB9E-6B85CBDECBE4}.Release|x64.ActiveCfg = Release|Any CPU
		{5EBF5100-4731-4DE5-AB9E-6B85CBDECBE4}.Release|x64.Build.0 = Release|Any CPU
		{5EBF5100-4731-4DE5-AB9E-6B85CBDECBE4}.Release|x86.ActiveCfg = Release|Any CPU
		{5EBF5100-4731-4DE5-AB9E-6B85CBDECBE4}.Release|x86.Build.0 = Release|Any CPU
		{0B4B2563-C962-4BDA-8BBA-1249207CED37}.Debug|Any CPU.ActiveCfg = Debug|Any CPU
		{0B4B2563-C962-4BDA-8BBA-1249207CED37}.Debug|Any CPU.Build.0 = Debug|Any CPU
		{0B4B2563-C962-4BDA-8BBA-1249207CED37}.Debug|x64.ActiveCfg = Debug|Any CPU
		{0B4B2563-C962-4BDA-8BBA-1249207CED37}.Debug|x64.Build.0 = Debug|Any CPU
		{0B4B2563-C962-4BDA-8BBA-1249207CED37}.Debug|x86.ActiveCfg = Debug|Any CPU
		{0B4B2563-C962-4BDA-8BBA-1249207CED37}.Debug|x86.Build.0 = Debug|Any CPU
		{0B4B2563-C962-4BDA-8BBA-1249207CED37}.Release|Any CPU.ActiveCfg = Release|Any CPU
		{0B4B2563-C962-4BDA-8BBA-1249207CED37}.Release|Any CPU.Build.0 = Release|Any CPU
		{0B4B2563-C962-4BDA-8BBA-1249207CED37}.Release|x64.ActiveCfg = Release|Any CPU
		{0B4B2563-C962-4BDA-8BBA-1249207CED37}.Release|x64.Build.0 = Release|Any CPU
		{0B4B2563-C962-4BDA-8BBA-1249207CED37}.Release|x86.ActiveCfg = Release|Any CPU
		{0B4B2563-C962-4BDA-8BBA-1249207CED37}.Release|x86.Build.0 = Release|Any CPU
		{D4E5F6A7-B8C9-7D8E-BF0A-2B3C4D5E6F7A}.Debug|Any CPU.ActiveCfg = Debug|Any CPU
		{D4E5F6A7-B8C9-7D8E-BF0A-2B3C4D5E6F7A}.Debug|Any CPU.Build.0 = Debug|Any CPU
		{D4E5F6A7-B8C9-7D8E-BF0A-2B3C4D5E6F7A}.Debug|x64.ActiveCfg = Debug|Any CPU
		{D4E5F6A7-B8C9-7D8E-BF0A-2B3C4D5E6F7A}.Debug|x64.Build.0 = Debug|Any CPU
		{D4E5F6A7-B8C9-7D8E-BF0A-2B3C4D5E6F7A}.Debug|x86.ActiveCfg = Debug|Any CPU
		{D4E5F6A7-B8C9-7D8E-BF0A-2B3C4D5E6F7A}.Debug|x86.Build.0 = Debug|Any CPU
		{D4E5F6A7-B8C9-7D8E-BF0A-2B3C4D5E6F7A}.Release|Any CPU.ActiveCfg = Release|Any CPU
		{D4E5F6A7-B8C9-7D8E-BF0A-2B3C4D5E6F7A}.Release|Any CPU.Build.0 = Release|Any CPU
		{D4E5F6A7-B8C9-7D8E-BF0A-2B3C4D5E6F7A}.Release|x64.ActiveCfg = Release|Any CPU
		{D4E5F6A7-B8C9-7D8E-BF0A-2B3C4D5E6F7A}.Release|x64.Build.0 = Release|Any CPU
		{D4E5F6A7-B8C9-7D8E-BF0A-2B3C4D5E6F7A}.Release|x86.ActiveCfg = Release|Any CPU
		{D4E5F6A7-B8C9-7D8E-BF0A-2B3C4D5E6F7A}.Release|x86.Build.0 = Release|Any CPU
	EndGlobalSection
	GlobalSection(SolutionProperties) = preSolution
		HideSolutionNode = FALSE
	EndGlobalSection
	GlobalSection(NestedProjects) = preSolution
		{5C0B43C9-1AFE-4CE8-82BB-2280E1FA40B2} = {C241000A-DF33-4AE1-A430-29E1CC7A8EFC}
		{98D55EDA-1CC7-4D85-B79D-873F578E6CF3} = {5C0B43C9-1AFE-4CE8-82BB-2280E1FA40B2}
	EndGlobalSection
	GlobalSection(ExtensibilityGlobals) = postSolution
		SolutionGuid = {75BE446C-DDB9-46EB-8450-3E0648B924DF}
	EndGlobalSection
EndGlobal
