
Microsoft Visual Studio Solution File, Format Version 12.00
# Visual Studio Version 17
VisualStudioVersion = 17.13.35806.99 d17.13
MinimumVisualStudioVersion = 10.0.40219.1
Project("{FAE04EC0-301F-11D3-BF4B-00C04F79EFBC}") = "TestHelpers", "TestHelpers\TestHelpers.csproj", "{ADF83CB5-C226-421F-8283-766F946BED9A}"
EndProject
Project("{FAE04EC0-301F-11D3-BF4B-00C04F79EFBC}") = "TestProject1", "TestProject1\TestProject1.csproj", "{808B3AB8-C882-470E-AEFE-05479455DA1D}"
EndProject
Global
	GlobalSection(SolutionConfigurationPlatforms) = preSolution
		Debug|Any CPU = Debug|Any CPU
		Release|Any CPU = Release|Any CPU
	EndGlobalSection
	GlobalSection(ProjectConfigurationPlatforms) = postSolution
		{ADF83CB5-C226-421F-8283-766F946BED9A}.Debug|Any CPU.ActiveCfg = Debug|Any CPU
		{ADF83CB5-C226-421F-8283-766F946BED9A}.Debug|Any CPU.Build.0 = Debug|Any CPU
		{ADF83CB5-C226-421F-8283-766F946BED9A}.Release|Any CPU.ActiveCfg = Release|Any CPU
		{ADF83CB5-C226-421F-8283-766F946BED9A}.Release|Any CPU.Build.0 = Release|Any CPU
		{808B3AB8-C882-470E-AEFE-05479455DA1D}.Debug|Any CPU.ActiveCfg = Debug|Any CPU
		{808B3AB8-C882-470E-AEFE-05479455DA1D}.Debug|Any CPU.Build.0 = Debug|Any CPU
		{808B3AB8-C882-470E-AEFE-05479455DA1D}.Release|Any CPU.ActiveCfg = Release|Any CPU
		{808B3AB8-C882-470E-AEFE-05479455DA1D}.Release|Any CPU.Build.0 = Release|Any CPU
	EndGlobalSection
	GlobalSection(SolutionProperties) = preSolution
		HideSolutionNode = FALSE
	EndGlobalSection
	GlobalSection(ExtensibilityGlobals) = postSolution
		SolutionGuid = {A9FC5E38-6666-4252-BF3C-80C275422054}
	EndGlobalSection
EndGlobal
