
Microsoft Visual Studio Solution File, Format Version 12.00
# Visual Studio Version 16
VisualStudioVersion = 16.0.30413.136
MinimumVisualStudioVersion = 10.0.40219.1
Project("{9A19103F-16F7-4668-BE54-9A1E7A4F7556}") = "UnitTestBug", "UnitTestBug.csproj", "{0A743555-FD21-4425-9032-00E8CABB89FE}"
EndProject
Project("{9A19103F-16F7-4668-BE54-9A1E7A4F7556}") = "UnitTestBugTests", "..\UnitTestBugTests\UnitTestBugTests.csproj", "{3BEB6940-C833-4F4A-831B-05943609F3B1}"
EndProject
Project("{2150E333-8FDC-42A3-9474-1A3956D46DE8}") = "Solution Items", "Solution Items", "{8A7E6852-36B7-462E-B4AF-94598A9551D4}"
	ProjectSection(SolutionItems) = preProject
		.runsettings = .runsettings
	EndProjectSection
EndProject
Global
	GlobalSection(SolutionConfigurationPlatforms) = preSolution
		Debug|Any CPU = Debug|Any CPU
		Release|Any CPU = Release|Any CPU
	EndGlobalSection
	GlobalSection(ProjectConfigurationPlatforms) = postSolution
		{0A743555-FD21-4425-9032-00E8CABB89FE}.Debug|Any CPU.ActiveCfg = Debug|Any CPU
		{0A743555-FD21-4425-9032-00E8CABB89FE}.Debug|Any CPU.Build.0 = Debug|Any CPU
		{0A743555-FD21-4425-9032-00E8CABB89FE}.Release|Any CPU.ActiveCfg = Release|Any CPU
		{0A743555-FD21-4425-9032-00E8CABB89FE}.Release|Any CPU.Build.0 = Release|Any CPU
		{3BEB6940-C833-4F4A-831B-05943609F3B1}.Debug|Any CPU.ActiveCfg = Debug|Any CPU
		{3BEB6940-C833-4F4A-831B-05943609F3B1}.Debug|Any CPU.Build.0 = Debug|Any CPU
		{3BEB6940-C833-4F4A-831B-05943609F3B1}.Release|Any CPU.ActiveCfg = Release|Any CPU
		{3BEB6940-C833-4F4A-831B-05943609F3B1}.Release|Any CPU.Build.0 = Release|Any CPU
	EndGlobalSection
	GlobalSection(SolutionProperties) = preSolution
		HideSolutionNode = FALSE
	EndGlobalSection
	GlobalSection(ExtensibilityGlobals) = postSolution
		SolutionGuid = {D07FBF70-1C1A-4B72-99D8-27F223ADAECC}
	EndGlobalSection
EndGlobal
