
Microsoft Visual Studio Solution File, Format Version 12.00
# Visual Studio Version 16
VisualStudioVersion = 16.0.30225.117
MinimumVisualStudioVersion = 10.0.40219.1
Project("{9A19103F-16F7-4668-BE54-9A1E7A4F7556}") = "NRENUnitEventListner_v2", "NRENUnitEventListner_v2\NRENUnitEventListner_v2.csproj", "{FE553A89-D2DA-4AE1-A5FD-0EB0E93449E5}"
EndProject
Project("{2150E333-8FDC-42A3-9474-1A3956D46DE8}") = "Solution Items", "Solution Items", "{54543EC6-ACED-4A4E-B098-DBC48C4A7C7B}"
	ProjectSection(SolutionItems) = preProject
		Parallel1.runsettings = Parallel1.runsettings
		x.runsettings = x.runsettings
	EndProjectSection
EndProject
Global
	GlobalSection(SolutionConfigurationPlatforms) = preSolution
		Debug|Any CPU = Debug|Any CPU
		Release|Any CPU = Release|Any CPU
	EndGlobalSection
	GlobalSection(ProjectConfigurationPlatforms) = postSolution
		{FE553A89-D2DA-4AE1-A5FD-0EB0E93449E5}.Debug|Any CPU.ActiveCfg = Debug|Any CPU
		{FE553A89-D2DA-4AE1-A5FD-0EB0E93449E5}.Debug|Any CPU.Build.0 = Debug|Any CPU
		{FE553A89-D2DA-4AE1-A5FD-0EB0E93449E5}.Release|Any CPU.ActiveCfg = Release|Any CPU
		{FE553A89-D2DA-4AE1-A5FD-0EB0E93449E5}.Release|Any CPU.Build.0 = Release|Any CPU
	EndGlobalSection
	GlobalSection(SolutionProperties) = preSolution
		HideSolutionNode = FALSE
	EndGlobalSection
	GlobalSection(ExtensibilityGlobals) = postSolution
		SolutionGuid = {57DC83D0-3D7B-4A6A-9513-DD56390B8439}
	EndGlobalSection
EndGlobal
