
Microsoft Visual Studio Solution File, Format Version 12.00
# Visual Studio Version 16
VisualStudioVersion = 16.0.30225.117
MinimumVisualStudioVersion = 10.0.40219.1
Project("{9A19103F-16F7-4668-BE54-9A1E7A4F7556}") = "NSubstituteSkippedTestDemo", "NSubstituteSkippedTestDemo\NSubstituteSkippedTestDemo.csproj", "{40FA884F-C870-4BA8-B22F-7B0D741C7460}"
EndProject
Project("{2150E333-8FDC-42A3-9474-1A3956D46DE8}") = "Solution Items", "Solution Items", "{B7A79424-AAAA-46BB-BB66-C7ADB08D2122}"
	ProjectSection(SolutionItems) = preProject
		.runsettings = .runsettings
	EndProjectSection
EndProject
Global
	GlobalSection(SolutionConfigurationPlatforms) = preSolution
		Debug|Any CPU = Debug|Any CPU
		Release|Any CPU = Release|Any CPU
	EndGlobalSection
	GlobalSection(ProjectConfigurationPlatforms) = postSolution
		{40FA884F-C870-4BA8-B22F-7B0D741C7460}.Debug|Any CPU.ActiveCfg = Debug|Any CPU
		{40FA884F-C870-4BA8-B22F-7B0D741C7460}.Debug|Any CPU.Build.0 = Debug|Any CPU
		{40FA884F-C870-4BA8-B22F-7B0D741C7460}.Release|Any CPU.ActiveCfg = Release|Any CPU
		{40FA884F-C870-4BA8-B22F-7B0D741C7460}.Release|Any CPU.Build.0 = Release|Any CPU
	EndGlobalSection
	GlobalSection(SolutionProperties) = preSolution
		HideSolutionNode = FALSE
	EndGlobalSection
	GlobalSection(ExtensibilityGlobals) = postSolution
		SolutionGuid = {BA74E9F6-C34B-45B3-973D-7BC423DC0DF3}
	EndGlobalSection
EndGlobal
